
Microsoft Visual Studio Solution File, Format Version 12.00
# Visual Studio Version 16
VisualStudioVersion = 16.0.29020.237
MinimumVisualStudioVersion = 10.0.40219.1
Project("{2150E333-8FDC-42A3-9474-1A3956D46DE8}") = "Reports", "Reports", "{25F5A071-72FB-4FBF-8C93-9C67454E6292}"
EndProject
Project("{FAE04EC0-301F-11D3-BF4B-00C04F79EFBC}") = "Kadr.Interfaces", "Kadr.Interfaces\Kadr.Interfaces.csproj", "{21D677C9-972E-4070-BB3E-BC4D8993222F}"
EndProject
Project("{FAE04EC0-301F-11D3-BF4B-00C04F79EFBC}") = "Kadr.FindExNet", "Kadr.FindExNet\Kadr.FindExNet.csproj", "{F7A4C26A-F8B4-4A3B-ACB0-4211C72809B1}"
EndProject
Project("{FAE04EC0-301F-11D3-BF4B-00C04F79EFBC}") = "Kard.PVOnlineWorks", "Kadr.PVOnlineWorks\Kard.PVOnlineWorks.csproj", "{F7C3B988-1190-4C6B-A6E1-870FC518FE1B}"
EndProject
Project("{FAE04EC0-301F-11D3-BF4B-00C04F79EFBC}") = "Kard.CommonControls", "Kadr.CommonControls\Kard.CommonControls.csproj", "{6D98F39C-2DF5-4A89-945E-1F19FC9977D7}"
EndProject
Project("{2150E333-8FDC-42A3-9474-1A3956D46DE8}") = "WebServies", "WebServies", "{EB18665C-B5A1-459B-BD78-2514DA55558B}"
EndProject
Project("{FAE04EC0-301F-11D3-BF4B-00C04F79EFBC}") = "Kadr.RemoteReports", "Kadr.RemoteReports\Kadr.RemoteReports.csproj", "{D20A8204-9D20-4BD6-A72B-A09559AD4F31}"
EndProject
Project("{FAE04EC0-301F-11D3-BF4B-00C04F79EFBC}") = "Kard.RFileClient", "Kadr.RFileClient\Kard.RFileClient.csproj", "{B7838729-CF8F-4079-B497-CE63E100A5D6}"
EndProject
Project("{FAE04EC0-301F-11D3-BF4B-00C04F79EFBC}") = "Kadr.GlobalVars", "Kadr.GlobalVars\Kadr.GlobalVars.csproj", "{2577191D-5D24-4348-A31E-25A8FA471926}"
EndProject
Project("{FAE04EC0-301F-11D3-BF4B-00C04F79EFBC}") = "Kard.Reports.Template", "Kadr.Reports.Template\Kard.Reports.Template.csproj", "{17D0F563-4358-49BD-9D29-830FC8E75C82}"
EndProject
Project("{FAE04EC0-301F-11D3-BF4B-00C04F79EFBC}") = "Kadr.Works", "Kadr.Works\Kadr.Works.csproj", "{5BA58341-C292-47EC-ADF6-AF199DBF65F3}"
EndProject
Project("{FAE04EC0-301F-11D3-BF4B-00C04F79EFBC}") = "Kadr.LangResource", "Kadr.LangResource\Kadr.LangResource.csproj", "{AF384AC4-7F18-4735-AEA0-767E635F99E7}"
EndProject
Project("{FAE04EC0-301F-11D3-BF4B-00C04F79EFBC}") = "Kadr.Shtat", "Kadr.Shtat\Kadr.Shtat.csproj", "{12F209BD-7412-4080-BE37-41A95FE1D29A}"
EndProject
Project("{2150E333-8FDC-42A3-9474-1A3956D46DE8}") = "Test", "Test", "{B021C7F9-09BF-4E94-804A-4E7BFEEDCE5C}"
EndProject
Project("{FAE04EC0-301F-11D3-BF4B-00C04F79EFBC}") = "App", "toApp\App.csproj", "{3C4624D3-3225-4E44-8B95-1BB2198FD244}"
EndProject
Project("{FAE04EC0-301F-11D3-BF4B-00C04F79EFBC}") = "WindowsRemoteFileService", "RemoteFileService\WindowsRemoteFileService\WindowsRemoteFileService.csproj", "{C251FCF7-BCE6-4F26-9B09-D720FE55B2A9}"
EndProject
Project("{FAE04EC0-301F-11D3-BF4B-00C04F79EFBC}") = "debugSrv", "RemoteFileService\debugSrv\debugSrv.csproj", "{2141CFB2-B21C-421A-8E19-A09792136156}"
EndProject
Project("{FAE04EC0-301F-11D3-BF4B-00C04F79EFBC}") = "Kadr.Database", "Kadr.DataRepository\Kadr.Database.csproj", "{F63616BB-5EF8-4DE1-8FC8-5C055AB2C475}"
EndProject
Project("{FAE04EC0-301F-11D3-BF4B-00C04F79EFBC}") = "Apteka.Others", "Kadr.Others\Apteka.Others.csproj", "{195ACC33-111C-4AC4-A624-1EA4644D6162}"
EndProject
Project("{FAE04EC0-301F-11D3-BF4B-00C04F79EFBC}") = "Kadr.UtilsUI", "Kadr.UtilsUI\Kadr.UtilsUI.csproj", "{978F1125-E612-49BD-B64D-747F06CD8F5A}"
EndProject
Project("{FAE04EC0-301F-11D3-BF4B-00C04F79EFBC}") = "Kadr.Users", "Kadr.Users\Kadr.Users.csproj", "{D17A54FD-19D2-4F13-925C-9F6579058242}"
EndProject
Global
	GlobalSection(SolutionConfigurationPlatforms) = preSolution
		All|Any CPU = All|Any CPU
		All|Mixed Platforms = All|Mixed Platforms
		All|x64 = All|x64
		All|x86 = All|x86
		CD_ROM|Any CPU = CD_ROM|Any CPU
		CD_ROM|Mixed Platforms = CD_ROM|Mixed Platforms
		CD_ROM|x64 = CD_ROM|x64
		CD_ROM|x86 = CD_ROM|x86
		Debug|Any CPU = Debug|Any CPU
		Debug|Mixed Platforms = Debug|Mixed Platforms
		Debug|x64 = Debug|x64
		Debug|x86 = Debug|x86
		DVD-5|Any CPU = DVD-5|Any CPU
		DVD-5|Mixed Platforms = DVD-5|Mixed Platforms
		DVD-5|x64 = DVD-5|x64
		DVD-5|x86 = DVD-5|x86
		EasyTest|Any CPU = EasyTest|Any CPU
		EasyTest|Mixed Platforms = EasyTest|Mixed Platforms
		EasyTest|x64 = EasyTest|x64
		EasyTest|x86 = EasyTest|x86
		Release|Any CPU = Release|Any CPU
		Release|Mixed Platforms = Release|Mixed Platforms
		Release|x64 = Release|x64
		Release|x86 = Release|x86
		SingleImage|Any CPU = SingleImage|Any CPU
		SingleImage|Mixed Platforms = SingleImage|Mixed Platforms
		SingleImage|x64 = SingleImage|x64
		SingleImage|x86 = SingleImage|x86
	EndGlobalSection
	GlobalSection(ProjectConfigurationPlatforms) = postSolution
		{21D677C9-972E-4070-BB3E-BC4D8993222F}.All|Any CPU.ActiveCfg = Debug|Any CPU
		{21D677C9-972E-4070-BB3E-BC4D8993222F}.All|Any CPU.Build.0 = Debug|Any CPU
		{21D677C9-972E-4070-BB3E-BC4D8993222F}.All|Mixed Platforms.ActiveCfg = Debug|Any CPU
		{21D677C9-972E-4070-BB3E-BC4D8993222F}.All|Mixed Platforms.Build.0 = Debug|Any CPU
		{21D677C9-972E-4070-BB3E-BC4D8993222F}.All|x64.ActiveCfg = Debug|Any CPU
		{21D677C9-972E-4070-BB3E-BC4D8993222F}.All|x86.ActiveCfg = Debug|Any CPU
		{21D677C9-972E-4070-BB3E-BC4D8993222F}.CD_ROM|Any CPU.ActiveCfg = Release|Any CPU
		{21D677C9-972E-4070-BB3E-BC4D8993222F}.CD_ROM|Any CPU.Build.0 = Release|Any CPU
		{21D677C9-972E-4070-BB3E-BC4D8993222F}.CD_ROM|Mixed Platforms.ActiveCfg = Release|Any CPU
		{21D677C9-972E-4070-BB3E-BC4D8993222F}.CD_ROM|Mixed Platforms.Build.0 = Release|Any CPU
		{21D677C9-972E-4070-BB3E-BC4D8993222F}.CD_ROM|x64.ActiveCfg = Release|Any CPU
		{21D677C9-972E-4070-BB3E-BC4D8993222F}.CD_ROM|x86.ActiveCfg = Release|Any CPU
		{21D677C9-972E-4070-BB3E-BC4D8993222F}.Debug|Any CPU.ActiveCfg = Debug|Any CPU
		{21D677C9-972E-4070-BB3E-BC4D8993222F}.Debug|Any CPU.Build.0 = Debug|Any CPU
		{21D677C9-972E-4070-BB3E-BC4D8993222F}.Debug|Mixed Platforms.ActiveCfg = Debug|Any CPU
		{21D677C9-972E-4070-BB3E-BC4D8993222F}.Debug|Mixed Platforms.Build.0 = Debug|Any CPU
		{21D677C9-972E-4070-BB3E-BC4D8993222F}.Debug|x64.ActiveCfg = Debug|Any CPU
		{21D677C9-972E-4070-BB3E-BC4D8993222F}.Debug|x86.ActiveCfg = Debug|Any CPU
		{21D677C9-972E-4070-BB3E-BC4D8993222F}.DVD-5|Any CPU.ActiveCfg = Debug|Any CPU
		{21D677C9-972E-4070-BB3E-BC4D8993222F}.DVD-5|Any CPU.Build.0 = Debug|Any CPU
		{21D677C9-972E-4070-BB3E-BC4D8993222F}.DVD-5|Mixed Platforms.ActiveCfg = Debug|Any CPU
		{21D677C9-972E-4070-BB3E-BC4D8993222F}.DVD-5|Mixed Platforms.Build.0 = Debug|Any CPU
		{21D677C9-972E-4070-BB3E-BC4D8993222F}.DVD-5|x64.ActiveCfg = Debug|Any CPU
		{21D677C9-972E-4070-BB3E-BC4D8993222F}.DVD-5|x86.ActiveCfg = Debug|Any CPU
		{21D677C9-972E-4070-BB3E-BC4D8993222F}.EasyTest|Any CPU.ActiveCfg = Release|Any CPU
		{21D677C9-972E-4070-BB3E-BC4D8993222F}.EasyTest|Any CPU.Build.0 = Release|Any CPU
		{21D677C9-972E-4070-BB3E-BC4D8993222F}.EasyTest|Mixed Platforms.ActiveCfg = Release|Any CPU
		{21D677C9-972E-4070-BB3E-BC4D8993222F}.EasyTest|Mixed Platforms.Build.0 = Release|Any CPU
		{21D677C9-972E-4070-BB3E-BC4D8993222F}.EasyTest|x64.ActiveCfg = Release|Any CPU
		{21D677C9-972E-4070-BB3E-BC4D8993222F}.EasyTest|x86.ActiveCfg = Release|Any CPU
		{21D677C9-972E-4070-BB3E-BC4D8993222F}.Release|Any CPU.ActiveCfg = Release|Any CPU
		{21D677C9-972E-4070-BB3E-BC4D8993222F}.Release|Any CPU.Build.0 = Release|Any CPU
		{21D677C9-972E-4070-BB3E-BC4D8993222F}.Release|Mixed Platforms.ActiveCfg = Release|Any CPU
		{21D677C9-972E-4070-BB3E-BC4D8993222F}.Release|Mixed Platforms.Build.0 = Release|Any CPU
		{21D677C9-972E-4070-BB3E-BC4D8993222F}.Release|x64.ActiveCfg = Release|Any CPU
		{21D677C9-972E-4070-BB3E-BC4D8993222F}.Release|x86.ActiveCfg = Release|Any CPU
		{21D677C9-972E-4070-BB3E-BC4D8993222F}.SingleImage|Any CPU.ActiveCfg = Release|Any CPU
		{21D677C9-972E-4070-BB3E-BC4D8993222F}.SingleImage|Any CPU.Build.0 = Release|Any CPU
		{21D677C9-972E-4070-BB3E-BC4D8993222F}.SingleImage|Mixed Platforms.ActiveCfg = Release|Any CPU
		{21D677C9-972E-4070-BB3E-BC4D8993222F}.SingleImage|Mixed Platforms.Build.0 = Release|Any CPU
		{21D677C9-972E-4070-BB3E-BC4D8993222F}.SingleImage|x64.ActiveCfg = Release|Any CPU
		{21D677C9-972E-4070-BB3E-BC4D8993222F}.SingleImage|x86.ActiveCfg = Release|Any CPU
		{F7A4C26A-F8B4-4A3B-ACB0-4211C72809B1}.All|Any CPU.ActiveCfg = Release|Any CPU
		{F7A4C26A-F8B4-4A3B-ACB0-4211C72809B1}.All|Any CPU.Build.0 = Release|Any CPU
		{F7A4C26A-F8B4-4A3B-ACB0-4211C72809B1}.All|Mixed Platforms.ActiveCfg = Release|Any CPU
		{F7A4C26A-F8B4-4A3B-ACB0-4211C72809B1}.All|Mixed Platforms.Build.0 = Release|Any CPU
		{F7A4C26A-F8B4-4A3B-ACB0-4211C72809B1}.All|x64.ActiveCfg = Release|Any CPU
		{F7A4C26A-F8B4-4A3B-ACB0-4211C72809B1}.All|x86.ActiveCfg = Release|Any CPU
		{F7A4C26A-F8B4-4A3B-ACB0-4211C72809B1}.CD_ROM|Any CPU.ActiveCfg = Release|Any CPU
		{F7A4C26A-F8B4-4A3B-ACB0-4211C72809B1}.CD_ROM|Any CPU.Build.0 = Release|Any CPU
		{F7A4C26A-F8B4-4A3B-ACB0-4211C72809B1}.CD_ROM|Mixed Platforms.ActiveCfg = Release|Any CPU
		{F7A4C26A-F8B4-4A3B-ACB0-4211C72809B1}.CD_ROM|Mixed Platforms.Build.0 = Release|Any CPU
		{F7A4C26A-F8B4-4A3B-ACB0-4211C72809B1}.CD_ROM|x64.ActiveCfg = Release|Any CPU
		{F7A4C26A-F8B4-4A3B-ACB0-4211C72809B1}.CD_ROM|x86.ActiveCfg = Release|Any CPU
		{F7A4C26A-F8B4-4A3B-ACB0-4211C72809B1}.Debug|Any CPU.ActiveCfg = Debug|Any CPU
		{F7A4C26A-F8B4-4A3B-ACB0-4211C72809B1}.Debug|Any CPU.Build.0 = Debug|Any CPU
		{F7A4C26A-F8B4-4A3B-ACB0-4211C72809B1}.Debug|Mixed Platforms.ActiveCfg = Debug|Any CPU
		{F7A4C26A-F8B4-4A3B-ACB0-4211C72809B1}.Debug|Mixed Platforms.Build.0 = Debug|Any CPU
		{F7A4C26A-F8B4-4A3B-ACB0-4211C72809B1}.Debug|x64.ActiveCfg = Debug|Any CPU
		{F7A4C26A-F8B4-4A3B-ACB0-4211C72809B1}.Debug|x86.ActiveCfg = Debug|Any CPU
		{F7A4C26A-F8B4-4A3B-ACB0-4211C72809B1}.DVD-5|Any CPU.ActiveCfg = Debug|Any CPU
		{F7A4C26A-F8B4-4A3B-ACB0-4211C72809B1}.DVD-5|Any CPU.Build.0 = Debug|Any CPU
		{F7A4C26A-F8B4-4A3B-ACB0-4211C72809B1}.DVD-5|Mixed Platforms.ActiveCfg = Debug|Any CPU
		{F7A4C26A-F8B4-4A3B-ACB0-4211C72809B1}.DVD-5|Mixed Platforms.Build.0 = Debug|Any CPU
		{F7A4C26A-F8B4-4A3B-ACB0-4211C72809B1}.DVD-5|x64.ActiveCfg = Debug|Any CPU
		{F7A4C26A-F8B4-4A3B-ACB0-4211C72809B1}.DVD-5|x86.ActiveCfg = Debug|Any CPU
		{F7A4C26A-F8B4-4A3B-ACB0-4211C72809B1}.EasyTest|Any CPU.ActiveCfg = Release|Any CPU
		{F7A4C26A-F8B4-4A3B-ACB0-4211C72809B1}.EasyTest|Any CPU.Build.0 = Release|Any CPU
		{F7A4C26A-F8B4-4A3B-ACB0-4211C72809B1}.EasyTest|Mixed Platforms.ActiveCfg = Release|Any CPU
		{F7A4C26A-F8B4-4A3B-ACB0-4211C72809B1}.EasyTest|Mixed Platforms.Build.0 = Release|Any CPU
		{F7A4C26A-F8B4-4A3B-ACB0-4211C72809B1}.EasyTest|x64.ActiveCfg = Release|Any CPU
		{F7A4C26A-F8B4-4A3B-ACB0-4211C72809B1}.EasyTest|x86.ActiveCfg = Release|Any CPU
		{F7A4C26A-F8B4-4A3B-ACB0-4211C72809B1}.Release|Any CPU.ActiveCfg = Release|Any CPU
		{F7A4C26A-F8B4-4A3B-ACB0-4211C72809B1}.Release|Any CPU.Build.0 = Release|Any CPU
		{F7A4C26A-F8B4-4A3B-ACB0-4211C72809B1}.Release|Mixed Platforms.ActiveCfg = Release|Any CPU
		{F7A4C26A-F8B4-4A3B-ACB0-4211C72809B1}.Release|Mixed Platforms.Build.0 = Release|Any CPU
		{F7A4C26A-F8B4-4A3B-ACB0-4211C72809B1}.Release|x64.ActiveCfg = Release|Any CPU
		{F7A4C26A-F8B4-4A3B-ACB0-4211C72809B1}.Release|x86.ActiveCfg = Release|Any CPU
		{F7A4C26A-F8B4-4A3B-ACB0-4211C72809B1}.SingleImage|Any CPU.ActiveCfg = Release|Any CPU
		{F7A4C26A-F8B4-4A3B-ACB0-4211C72809B1}.SingleImage|Any CPU.Build.0 = Release|Any CPU
		{F7A4C26A-F8B4-4A3B-ACB0-4211C72809B1}.SingleImage|Mixed Platforms.ActiveCfg = Release|Any CPU
		{F7A4C26A-F8B4-4A3B-ACB0-4211C72809B1}.SingleImage|Mixed Platforms.Build.0 = Release|Any CPU
		{F7A4C26A-F8B4-4A3B-ACB0-4211C72809B1}.SingleImage|x64.ActiveCfg = Release|Any CPU
		{F7A4C26A-F8B4-4A3B-ACB0-4211C72809B1}.SingleImage|x86.ActiveCfg = Release|Any CPU
		{F7C3B988-1190-4C6B-A6E1-870FC518FE1B}.All|Any CPU.ActiveCfg = Release|Any CPU
		{F7C3B988-1190-4C6B-A6E1-870FC518FE1B}.All|Any CPU.Build.0 = Release|Any CPU
		{F7C3B988-1190-4C6B-A6E1-870FC518FE1B}.All|Mixed Platforms.ActiveCfg = Release|Any CPU
		{F7C3B988-1190-4C6B-A6E1-870FC518FE1B}.All|Mixed Platforms.Build.0 = Release|Any CPU
		{F7C3B988-1190-4C6B-A6E1-870FC518FE1B}.All|x64.ActiveCfg = Release|Any CPU
		{F7C3B988-1190-4C6B-A6E1-870FC518FE1B}.All|x86.ActiveCfg = Release|Any CPU
		{F7C3B988-1190-4C6B-A6E1-870FC518FE1B}.CD_ROM|Any CPU.ActiveCfg = Release|Any CPU
		{F7C3B988-1190-4C6B-A6E1-870FC518FE1B}.CD_ROM|Any CPU.Build.0 = Release|Any CPU
		{F7C3B988-1190-4C6B-A6E1-870FC518FE1B}.CD_ROM|Mixed Platforms.ActiveCfg = Release|Any CPU
		{F7C3B988-1190-4C6B-A6E1-870FC518FE1B}.CD_ROM|Mixed Platforms.Build.0 = Release|Any CPU
		{F7C3B988-1190-4C6B-A6E1-870FC518FE1B}.CD_ROM|x64.ActiveCfg = Release|Any CPU
		{F7C3B988-1190-4C6B-A6E1-870FC518FE1B}.CD_ROM|x86.ActiveCfg = Release|Any CPU
		{F7C3B988-1190-4C6B-A6E1-870FC518FE1B}.Debug|Any CPU.ActiveCfg = Debug|Any CPU
		{F7C3B988-1190-4C6B-A6E1-870FC518FE1B}.Debug|Any CPU.Build.0 = Debug|Any CPU
		{F7C3B988-1190-4C6B-A6E1-870FC518FE1B}.Debug|Mixed Platforms.ActiveCfg = Debug|Any CPU
		{F7C3B988-1190-4C6B-A6E1-870FC518FE1B}.Debug|Mixed Platforms.Build.0 = Debug|Any CPU
		{F7C3B988-1190-4C6B-A6E1-870FC518FE1B}.Debug|x64.ActiveCfg = Debug|Any CPU
		{F7C3B988-1190-4C6B-A6E1-870FC518FE1B}.Debug|x86.ActiveCfg = Debug|Any CPU
		{F7C3B988-1190-4C6B-A6E1-870FC518FE1B}.DVD-5|Any CPU.ActiveCfg = Debug|Any CPU
		{F7C3B988-1190-4C6B-A6E1-870FC518FE1B}.DVD-5|Any CPU.Build.0 = Debug|Any CPU
		{F7C3B988-1190-4C6B-A6E1-870FC518FE1B}.DVD-5|Mixed Platforms.ActiveCfg = Debug|Any CPU
		{F7C3B988-1190-4C6B-A6E1-870FC518FE1B}.DVD-5|Mixed Platforms.Build.0 = Debug|Any CPU
		{F7C3B988-1190-4C6B-A6E1-870FC518FE1B}.DVD-5|x64.ActiveCfg = Debug|Any CPU
		{F7C3B988-1190-4C6B-A6E1-870FC518FE1B}.DVD-5|x86.ActiveCfg = Debug|Any CPU
		{F7C3B988-1190-4C6B-A6E1-870FC518FE1B}.EasyTest|Any CPU.ActiveCfg = Release|Any CPU
		{F7C3B988-1190-4C6B-A6E1-870FC518FE1B}.EasyTest|Any CPU.Build.0 = Release|Any CPU
		{F7C3B988-1190-4C6B-A6E1-870FC518FE1B}.EasyTest|Mixed Platforms.ActiveCfg = Release|Any CPU
		{F7C3B988-1190-4C6B-A6E1-870FC518FE1B}.EasyTest|Mixed Platforms.Build.0 = Release|Any CPU
		{F7C3B988-1190-4C6B-A6E1-870FC518FE1B}.EasyTest|x64.ActiveCfg = Release|Any CPU
		{F7C3B988-1190-4C6B-A6E1-870FC518FE1B}.EasyTest|x86.ActiveCfg = Release|Any CPU
		{F7C3B988-1190-4C6B-A6E1-870FC518FE1B}.Release|Any CPU.ActiveCfg = Release|Any CPU
		{F7C3B988-1190-4C6B-A6E1-870FC518FE1B}.Release|Any CPU.Build.0 = Release|Any CPU
		{F7C3B988-1190-4C6B-A6E1-870FC518FE1B}.Release|Mixed Platforms.ActiveCfg = Release|Any CPU
		{F7C3B988-1190-4C6B-A6E1-870FC518FE1B}.Release|Mixed Platforms.Build.0 = Release|Any CPU
		{F7C3B988-1190-4C6B-A6E1-870FC518FE1B}.Release|x64.ActiveCfg = Release|Any CPU
		{F7C3B988-1190-4C6B-A6E1-870FC518FE1B}.Release|x86.ActiveCfg = Release|Any CPU
		{F7C3B988-1190-4C6B-A6E1-870FC518FE1B}.SingleImage|Any CPU.ActiveCfg = Release|Any CPU
		{F7C3B988-1190-4C6B-A6E1-870FC518FE1B}.SingleImage|Any CPU.Build.0 = Release|Any CPU
		{F7C3B988-1190-4C6B-A6E1-870FC518FE1B}.SingleImage|Mixed Platforms.ActiveCfg = Release|Any CPU
		{F7C3B988-1190-4C6B-A6E1-870FC518FE1B}.SingleImage|Mixed Platforms.Build.0 = Release|Any CPU
		{F7C3B988-1190-4C6B-A6E1-870FC518FE1B}.SingleImage|x64.ActiveCfg = Release|Any CPU
		{F7C3B988-1190-4C6B-A6E1-870FC518FE1B}.SingleImage|x86.ActiveCfg = Release|Any CPU
		{6D98F39C-2DF5-4A89-945E-1F19FC9977D7}.All|Any CPU.ActiveCfg = Release|Any CPU
		{6D98F39C-2DF5-4A89-945E-1F19FC9977D7}.All|Any CPU.Build.0 = Release|Any CPU
		{6D98F39C-2DF5-4A89-945E-1F19FC9977D7}.All|Mixed Platforms.ActiveCfg = Release|Any CPU
		{6D98F39C-2DF5-4A89-945E-1F19FC9977D7}.All|Mixed Platforms.Build.0 = Release|Any CPU
		{6D98F39C-2DF5-4A89-945E-1F19FC9977D7}.All|x64.ActiveCfg = Release|Any CPU
		{6D98F39C-2DF5-4A89-945E-1F19FC9977D7}.All|x86.ActiveCfg = Release|Any CPU
		{6D98F39C-2DF5-4A89-945E-1F19FC9977D7}.CD_ROM|Any CPU.ActiveCfg = Release|Any CPU
		{6D98F39C-2DF5-4A89-945E-1F19FC9977D7}.CD_ROM|Any CPU.Build.0 = Release|Any CPU
		{6D98F39C-2DF5-4A89-945E-1F19FC9977D7}.CD_ROM|Mixed Platforms.ActiveCfg = Release|Any CPU
		{6D98F39C-2DF5-4A89-945E-1F19FC9977D7}.CD_ROM|Mixed Platforms.Build.0 = Release|Any CPU
		{6D98F39C-2DF5-4A89-945E-1F19FC9977D7}.CD_ROM|x64.ActiveCfg = Release|Any CPU
		{6D98F39C-2DF5-4A89-945E-1F19FC9977D7}.CD_ROM|x86.ActiveCfg = Release|Any CPU
		{6D98F39C-2DF5-4A89-945E-1F19FC9977D7}.Debug|Any CPU.ActiveCfg = Debug|Any CPU
		{6D98F39C-2DF5-4A89-945E-1F19FC9977D7}.Debug|Any CPU.Build.0 = Debug|Any CPU
		{6D98F39C-2DF5-4A89-945E-1F19FC9977D7}.Debug|Mixed Platforms.ActiveCfg = Debug|Any CPU
		{6D98F39C-2DF5-4A89-945E-1F19FC9977D7}.Debug|Mixed Platforms.Build.0 = Debug|Any CPU
		{6D98F39C-2DF5-4A89-945E-1F19FC9977D7}.Debug|x64.ActiveCfg = Debug|Any CPU
		{6D98F39C-2DF5-4A89-945E-1F19FC9977D7}.Debug|x86.ActiveCfg = Debug|Any CPU
		{6D98F39C-2DF5-4A89-945E-1F19FC9977D7}.DVD-5|Any CPU.ActiveCfg = Debug|Any CPU
		{6D98F39C-2DF5-4A89-945E-1F19FC9977D7}.DVD-5|Any CPU.Build.0 = Debug|Any CPU
		{6D98F39C-2DF5-4A89-945E-1F19FC9977D7}.DVD-5|Mixed Platforms.ActiveCfg = Debug|Any CPU
		{6D98F39C-2DF5-4A89-945E-1F19FC9977D7}.DVD-5|Mixed Platforms.Build.0 = Debug|Any CPU
		{6D98F39C-2DF5-4A89-945E-1F19FC9977D7}.DVD-5|x64.ActiveCfg = Debug|Any CPU
		{6D98F39C-2DF5-4A89-945E-1F19FC9977D7}.DVD-5|x86.ActiveCfg = Debug|Any CPU
		{6D98F39C-2DF5-4A89-945E-1F19FC9977D7}.EasyTest|Any CPU.ActiveCfg = Release|Any CPU
		{6D98F39C-2DF5-4A89-945E-1F19FC9977D7}.EasyTest|Any CPU.Build.0 = Release|Any CPU
		{6D98F39C-2DF5-4A89-945E-1F19FC9977D7}.EasyTest|Mixed Platforms.ActiveCfg = Release|Any CPU
		{6D98F39C-2DF5-4A89-945E-1F19FC9977D7}.EasyTest|Mixed Platforms.Build.0 = Release|Any CPU
		{6D98F39C-2DF5-4A89-945E-1F19FC9977D7}.EasyTest|x64.ActiveCfg = Release|Any CPU
		{6D98F39C-2DF5-4A89-945E-1F19FC9977D7}.EasyTest|x86.ActiveCfg = Release|Any CPU
		{6D98F39C-2DF5-4A89-945E-1F19FC9977D7}.Release|Any CPU.ActiveCfg = Release|Any CPU
		{6D98F39C-2DF5-4A89-945E-1F19FC9977D7}.Release|Any CPU.Build.0 = Release|Any CPU
		{6D98F39C-2DF5-4A89-945E-1F19FC9977D7}.Release|Mixed Platforms.ActiveCfg = Release|Any CPU
		{6D98F39C-2DF5-4A89-945E-1F19FC9977D7}.Release|Mixed Platforms.Build.0 = Release|Any CPU
		{6D98F39C-2DF5-4A89-945E-1F19FC9977D7}.Release|x64.ActiveCfg = Release|Any CPU
		{6D98F39C-2DF5-4A89-945E-1F19FC9977D7}.Release|x86.ActiveCfg = Release|Any CPU
		{6D98F39C-2DF5-4A89-945E-1F19FC9977D7}.SingleImage|Any CPU.ActiveCfg = Release|Any CPU
		{6D98F39C-2DF5-4A89-945E-1F19FC9977D7}.SingleImage|Any CPU.Build.0 = Release|Any CPU
		{6D98F39C-2DF5-4A89-945E-1F19FC9977D7}.SingleImage|Mixed Platforms.ActiveCfg = Release|Any CPU
		{6D98F39C-2DF5-4A89-945E-1F19FC9977D7}.SingleImage|Mixed Platforms.Build.0 = Release|Any CPU
		{6D98F39C-2DF5-4A89-945E-1F19FC9977D7}.SingleImage|x64.ActiveCfg = Release|Any CPU
		{6D98F39C-2DF5-4A89-945E-1F19FC9977D7}.SingleImage|x86.ActiveCfg = Release|Any CPU
		{D20A8204-9D20-4BD6-A72B-A09559AD4F31}.All|Any CPU.ActiveCfg = Release|Any CPU
		{D20A8204-9D20-4BD6-A72B-A09559AD4F31}.All|Any CPU.Build.0 = Release|Any CPU
		{D20A8204-9D20-4BD6-A72B-A09559AD4F31}.All|Mixed Platforms.ActiveCfg = Release|Any CPU
		{D20A8204-9D20-4BD6-A72B-A09559AD4F31}.All|Mixed Platforms.Build.0 = Release|Any CPU
		{D20A8204-9D20-4BD6-A72B-A09559AD4F31}.All|x64.ActiveCfg = Release|Any CPU
		{D20A8204-9D20-4BD6-A72B-A09559AD4F31}.All|x86.ActiveCfg = Release|Any CPU
		{D20A8204-9D20-4BD6-A72B-A09559AD4F31}.CD_ROM|Any CPU.ActiveCfg = Release|Any CPU
		{D20A8204-9D20-4BD6-A72B-A09559AD4F31}.CD_ROM|Any CPU.Build.0 = Release|Any CPU
		{D20A8204-9D20-4BD6-A72B-A09559AD4F31}.CD_ROM|Mixed Platforms.ActiveCfg = Release|Any CPU
		{D20A8204-9D20-4BD6-A72B-A09559AD4F31}.CD_ROM|Mixed Platforms.Build.0 = Release|Any CPU
		{D20A8204-9D20-4BD6-A72B-A09559AD4F31}.CD_ROM|x64.ActiveCfg = Release|Any CPU
		{D20A8204-9D20-4BD6-A72B-A09559AD4F31}.CD_ROM|x86.ActiveCfg = Release|Any CPU
		{D20A8204-9D20-4BD6-A72B-A09559AD4F31}.Debug|Any CPU.ActiveCfg = Debug|Any CPU
		{D20A8204-9D20-4BD6-A72B-A09559AD4F31}.Debug|Any CPU.Build.0 = Debug|Any CPU
		{D20A8204-9D20-4BD6-A72B-A09559AD4F31}.Debug|Mixed Platforms.ActiveCfg = Debug|Any CPU
		{D20A8204-9D20-4BD6-A72B-A09559AD4F31}.Debug|Mixed Platforms.Build.0 = Debug|Any CPU
		{D20A8204-9D20-4BD6-A72B-A09559AD4F31}.Debug|x64.ActiveCfg = Debug|Any CPU
		{D20A8204-9D20-4BD6-A72B-A09559AD4F31}.Debug|x86.ActiveCfg = Debug|Any CPU
		{D20A8204-9D20-4BD6-A72B-A09559AD4F31}.DVD-5|Any CPU.ActiveCfg = Debug|Any CPU
		{D20A8204-9D20-4BD6-A72B-A09559AD4F31}.DVD-5|Any CPU.Build.0 = Debug|Any CPU
		{D20A8204-9D20-4BD6-A72B-A09559AD4F31}.DVD-5|Mixed Platforms.ActiveCfg = Debug|Any CPU
		{D20A8204-9D20-4BD6-A72B-A09559AD4F31}.DVD-5|Mixed Platforms.Build.0 = Debug|Any CPU
		{D20A8204-9D20-4BD6-A72B-A09559AD4F31}.DVD-5|x64.ActiveCfg = Debug|Any CPU
		{D20A8204-9D20-4BD6-A72B-A09559AD4F31}.DVD-5|x86.ActiveCfg = Debug|Any CPU
		{D20A8204-9D20-4BD6-A72B-A09559AD4F31}.EasyTest|Any CPU.ActiveCfg = Release|Any CPU
		{D20A8204-9D20-4BD6-A72B-A09559AD4F31}.EasyTest|Any CPU.Build.0 = Release|Any CPU
		{D20A8204-9D20-4BD6-A72B-A09559AD4F31}.EasyTest|Mixed Platforms.ActiveCfg = Release|Any CPU
		{D20A8204-9D20-4BD6-A72B-A09559AD4F31}.EasyTest|Mixed Platforms.Build.0 = Release|Any CPU
		{D20A8204-9D20-4BD6-A72B-A09559AD4F31}.EasyTest|x64.ActiveCfg = Release|Any CPU
		{D20A8204-9D20-4BD6-A72B-A09559AD4F31}.EasyTest|x86.ActiveCfg = Release|Any CPU
		{D20A8204-9D20-4BD6-A72B-A09559AD4F31}.Release|Any CPU.ActiveCfg = Release|Any CPU
		{D20A8204-9D20-4BD6-A72B-A09559AD4F31}.Release|Any CPU.Build.0 = Release|Any CPU
		{D20A8204-9D20-4BD6-A72B-A09559AD4F31}.Release|Mixed Platforms.ActiveCfg = Release|Any CPU
		{D20A8204-9D20-4BD6-A72B-A09559AD4F31}.Release|Mixed Platforms.Build.0 = Release|Any CPU
		{D20A8204-9D20-4BD6-A72B-A09559AD4F31}.Release|x64.ActiveCfg = Release|Any CPU
		{D20A8204-9D20-4BD6-A72B-A09559AD4F31}.Release|x86.ActiveCfg = Release|Any CPU
		{D20A8204-9D20-4BD6-A72B-A09559AD4F31}.SingleImage|Any CPU.ActiveCfg = Release|Any CPU
		{D20A8204-9D20-4BD6-A72B-A09559AD4F31}.SingleImage|Any CPU.Build.0 = Release|Any CPU
		{D20A8204-9D20-4BD6-A72B-A09559AD4F31}.SingleImage|Mixed Platforms.ActiveCfg = Release|Any CPU
		{D20A8204-9D20-4BD6-A72B-A09559AD4F31}.SingleImage|Mixed Platforms.Build.0 = Release|Any CPU
		{D20A8204-9D20-4BD6-A72B-A09559AD4F31}.SingleImage|x64.ActiveCfg = Release|Any CPU
		{D20A8204-9D20-4BD6-A72B-A09559AD4F31}.SingleImage|x86.ActiveCfg = Release|Any CPU
		{B7838729-CF8F-4079-B497-CE63E100A5D6}.All|Any CPU.ActiveCfg = Release|Any CPU
		{B7838729-CF8F-4079-B497-CE63E100A5D6}.All|Any CPU.Build.0 = Release|Any CPU
		{B7838729-CF8F-4079-B497-CE63E100A5D6}.All|Mixed Platforms.ActiveCfg = Release|Any CPU
		{B7838729-CF8F-4079-B497-CE63E100A5D6}.All|Mixed Platforms.Build.0 = Release|Any CPU
		{B7838729-CF8F-4079-B497-CE63E100A5D6}.All|x64.ActiveCfg = Release|Any CPU
		{B7838729-CF8F-4079-B497-CE63E100A5D6}.All|x86.ActiveCfg = Release|Any CPU
		{B7838729-CF8F-4079-B497-CE63E100A5D6}.CD_ROM|Any CPU.ActiveCfg = Release|Any CPU
		{B7838729-CF8F-4079-B497-CE63E100A5D6}.CD_ROM|Any CPU.Build.0 = Release|Any CPU
		{B7838729-CF8F-4079-B497-CE63E100A5D6}.CD_ROM|Mixed Platforms.ActiveCfg = Release|Any CPU
		{B7838729-CF8F-4079-B497-CE63E100A5D6}.CD_ROM|Mixed Platforms.Build.0 = Release|Any CPU
		{B7838729-CF8F-4079-B497-CE63E100A5D6}.CD_ROM|x64.ActiveCfg = Release|Any CPU
		{B7838729-CF8F-4079-B497-CE63E100A5D6}.CD_ROM|x86.ActiveCfg = Release|Any CPU
		{B7838729-CF8F-4079-B497-CE63E100A5D6}.Debug|Any CPU.ActiveCfg = Debug|Any CPU
		{B7838729-CF8F-4079-B497-CE63E100A5D6}.Debug|Any CPU.Build.0 = Debug|Any CPU
		{B7838729-CF8F-4079-B497-CE63E100A5D6}.Debug|Mixed Platforms.ActiveCfg = Debug|Any CPU
		{B7838729-CF8F-4079-B497-CE63E100A5D6}.Debug|Mixed Platforms.Build.0 = Debug|Any CPU
		{B7838729-CF8F-4079-B497-CE63E100A5D6}.Debug|x64.ActiveCfg = Debug|Any CPU
		{B7838729-CF8F-4079-B497-CE63E100A5D6}.Debug|x86.ActiveCfg = Debug|Any CPU
		{B7838729-CF8F-4079-B497-CE63E100A5D6}.DVD-5|Any CPU.ActiveCfg = Debug|Any CPU
		{B7838729-CF8F-4079-B497-CE63E100A5D6}.DVD-5|Any CPU.Build.0 = Debug|Any CPU
		{B7838729-CF8F-4079-B497-CE63E100A5D6}.DVD-5|Mixed Platforms.ActiveCfg = Debug|Any CPU
		{B7838729-CF8F-4079-B497-CE63E100A5D6}.DVD-5|Mixed Platforms.Build.0 = Debug|Any CPU
		{B7838729-CF8F-4079-B497-CE63E100A5D6}.DVD-5|x64.ActiveCfg = Debug|Any CPU
		{B7838729-CF8F-4079-B497-CE63E100A5D6}.DVD-5|x86.ActiveCfg = Debug|Any CPU
		{B7838729-CF8F-4079-B497-CE63E100A5D6}.EasyTest|Any CPU.ActiveCfg = Release|Any CPU
		{B7838729-CF8F-4079-B497-CE63E100A5D6}.EasyTest|Any CPU.Build.0 = Release|Any CPU
		{B7838729-CF8F-4079-B497-CE63E100A5D6}.EasyTest|Mixed Platforms.ActiveCfg = Release|Any CPU
		{B7838729-CF8F-4079-B497-CE63E100A5D6}.EasyTest|Mixed Platforms.Build.0 = Release|Any CPU
		{B7838729-CF8F-4079-B497-CE63E100A5D6}.EasyTest|x64.ActiveCfg = Release|Any CPU
		{B7838729-CF8F-4079-B497-CE63E100A5D6}.EasyTest|x86.ActiveCfg = Release|Any CPU
		{B7838729-CF8F-4079-B497-CE63E100A5D6}.Release|Any CPU.ActiveCfg = Release|Any CPU
		{B7838729-CF8F-4079-B497-CE63E100A5D6}.Release|Any CPU.Build.0 = Release|Any CPU
		{B7838729-CF8F-4079-B497-CE63E100A5D6}.Release|Mixed Platforms.ActiveCfg = Release|Any CPU
		{B7838729-CF8F-4079-B497-CE63E100A5D6}.Release|Mixed Platforms.Build.0 = Release|Any CPU
		{B7838729-CF8F-4079-B497-CE63E100A5D6}.Release|x64.ActiveCfg = Release|Any CPU
		{B7838729-CF8F-4079-B497-CE63E100A5D6}.Release|x86.ActiveCfg = Release|Any CPU
		{B7838729-CF8F-4079-B497-CE63E100A5D6}.SingleImage|Any CPU.ActiveCfg = Release|Any CPU
		{B7838729-CF8F-4079-B497-CE63E100A5D6}.SingleImage|Any CPU.Build.0 = Release|Any CPU
		{B7838729-CF8F-4079-B497-CE63E100A5D6}.SingleImage|Mixed Platforms.ActiveCfg = Release|Any CPU
		{B7838729-CF8F-4079-B497-CE63E100A5D6}.SingleImage|Mixed Platforms.Build.0 = Release|Any CPU
		{B7838729-CF8F-4079-B497-CE63E100A5D6}.SingleImage|x64.ActiveCfg = Release|Any CPU
		{B7838729-CF8F-4079-B497-CE63E100A5D6}.SingleImage|x86.ActiveCfg = Release|Any CPU
		{2577191D-5D24-4348-A31E-25A8FA471926}.All|Any CPU.ActiveCfg = Release|Any CPU
		{2577191D-5D24-4348-A31E-25A8FA471926}.All|Any CPU.Build.0 = Release|Any CPU
		{2577191D-5D24-4348-A31E-25A8FA471926}.All|Mixed Platforms.ActiveCfg = Release|Any CPU
		{2577191D-5D24-4348-A31E-25A8FA471926}.All|Mixed Platforms.Build.0 = Release|Any CPU
		{2577191D-5D24-4348-A31E-25A8FA471926}.All|x64.ActiveCfg = Release|Any CPU
		{2577191D-5D24-4348-A31E-25A8FA471926}.All|x86.ActiveCfg = Release|Any CPU
		{2577191D-5D24-4348-A31E-25A8FA471926}.CD_ROM|Any CPU.ActiveCfg = Release|Any CPU
		{2577191D-5D24-4348-A31E-25A8FA471926}.CD_ROM|Any CPU.Build.0 = Release|Any CPU
		{2577191D-5D24-4348-A31E-25A8FA471926}.CD_ROM|Mixed Platforms.ActiveCfg = Release|Any CPU
		{2577191D-5D24-4348-A31E-25A8FA471926}.CD_ROM|Mixed Platforms.Build.0 = Release|Any CPU
		{2577191D-5D24-4348-A31E-25A8FA471926}.CD_ROM|x64.ActiveCfg = Release|Any CPU
		{2577191D-5D24-4348-A31E-25A8FA471926}.CD_ROM|x86.ActiveCfg = Release|Any CPU
		{2577191D-5D24-4348-A31E-25A8FA471926}.Debug|Any CPU.ActiveCfg = Debug|Any CPU
		{2577191D-5D24-4348-A31E-25A8FA471926}.Debug|Any CPU.Build.0 = Debug|Any CPU
		{2577191D-5D24-4348-A31E-25A8FA471926}.Debug|Mixed Platforms.ActiveCfg = Debug|Any CPU
		{2577191D-5D24-4348-A31E-25A8FA471926}.Debug|Mixed Platforms.Build.0 = Debug|Any CPU
		{2577191D-5D24-4348-A31E-25A8FA471926}.Debug|x64.ActiveCfg = Debug|Any CPU
		{2577191D-5D24-4348-A31E-25A8FA471926}.Debug|x86.ActiveCfg = Debug|Any CPU
		{2577191D-5D24-4348-A31E-25A8FA471926}.DVD-5|Any CPU.ActiveCfg = Debug|Any CPU
		{2577191D-5D24-4348-A31E-25A8FA471926}.DVD-5|Any CPU.Build.0 = Debug|Any CPU
		{2577191D-5D24-4348-A31E-25A8FA471926}.DVD-5|Mixed Platforms.ActiveCfg = Debug|Any CPU
		{2577191D-5D24-4348-A31E-25A8FA471926}.DVD-5|Mixed Platforms.Build.0 = Debug|Any CPU
		{2577191D-5D24-4348-A31E-25A8FA471926}.DVD-5|x64.ActiveCfg = Debug|Any CPU
		{2577191D-5D24-4348-A31E-25A8FA471926}.DVD-5|x86.ActiveCfg = Debug|Any CPU
		{2577191D-5D24-4348-A31E-25A8FA471926}.EasyTest|Any CPU.ActiveCfg = Release|Any CPU
		{2577191D-5D24-4348-A31E-25A8FA471926}.EasyTest|Any CPU.Build.0 = Release|Any CPU
		{2577191D-5D24-4348-A31E-25A8FA471926}.EasyTest|Mixed Platforms.ActiveCfg = Release|Any CPU
		{2577191D-5D24-4348-A31E-25A8FA471926}.EasyTest|Mixed Platforms.Build.0 = Release|Any CPU
		{2577191D-5D24-4348-A31E-25A8FA471926}.EasyTest|x64.ActiveCfg = Release|Any CPU
		{2577191D-5D24-4348-A31E-25A8FA471926}.EasyTest|x86.ActiveCfg = Release|Any CPU
		{2577191D-5D24-4348-A31E-25A8FA471926}.Release|Any CPU.ActiveCfg = Release|Any CPU
		{2577191D-5D24-4348-A31E-25A8FA471926}.Release|Any CPU.Build.0 = Release|Any CPU
		{2577191D-5D24-4348-A31E-25A8FA471926}.Release|Mixed Platforms.ActiveCfg = Release|Any CPU
		{2577191D-5D24-4348-A31E-25A8FA471926}.Release|Mixed Platforms.Build.0 = Release|Any CPU
		{2577191D-5D24-4348-A31E-25A8FA471926}.Release|x64.ActiveCfg = Release|Any CPU
		{2577191D-5D24-4348-A31E-25A8FA471926}.Release|x86.ActiveCfg = Release|Any CPU
		{2577191D-5D24-4348-A31E-25A8FA471926}.SingleImage|Any CPU.ActiveCfg = Release|Any CPU
		{2577191D-5D24-4348-A31E-25A8FA471926}.SingleImage|Any CPU.Build.0 = Release|Any CPU
		{2577191D-5D24-4348-A31E-25A8FA471926}.SingleImage|Mixed Platforms.ActiveCfg = Release|Any CPU
		{2577191D-5D24-4348-A31E-25A8FA471926}.SingleImage|Mixed Platforms.Build.0 = Release|Any CPU
		{2577191D-5D24-4348-A31E-25A8FA471926}.SingleImage|x64.ActiveCfg = Release|Any CPU
		{2577191D-5D24-4348-A31E-25A8FA471926}.SingleImage|x86.ActiveCfg = Release|Any CPU
		{17D0F563-4358-49BD-9D29-830FC8E75C82}.All|Any CPU.ActiveCfg = Release|Any CPU
		{17D0F563-4358-49BD-9D29-830FC8E75C82}.All|Any CPU.Build.0 = Release|Any CPU
		{17D0F563-4358-49BD-9D29-830FC8E75C82}.All|Mixed Platforms.ActiveCfg = Release|Any CPU
		{17D0F563-4358-49BD-9D29-830FC8E75C82}.All|Mixed Platforms.Build.0 = Release|Any CPU
		{17D0F563-4358-49BD-9D29-830FC8E75C82}.All|x64.ActiveCfg = Release|Any CPU
		{17D0F563-4358-49BD-9D29-830FC8E75C82}.All|x86.ActiveCfg = Release|Any CPU
		{17D0F563-4358-49BD-9D29-830FC8E75C82}.CD_ROM|Any CPU.ActiveCfg = Release|Any CPU
		{17D0F563-4358-49BD-9D29-830FC8E75C82}.CD_ROM|Any CPU.Build.0 = Release|Any CPU
		{17D0F563-4358-49BD-9D29-830FC8E75C82}.CD_ROM|Mixed Platforms.ActiveCfg = Release|Any CPU
		{17D0F563-4358-49BD-9D29-830FC8E75C82}.CD_ROM|Mixed Platforms.Build.0 = Release|Any CPU
		{17D0F563-4358-49BD-9D29-830FC8E75C82}.CD_ROM|x64.ActiveCfg = Release|Any CPU
		{17D0F563-4358-49BD-9D29-830FC8E75C82}.CD_ROM|x86.ActiveCfg = Release|Any CPU
		{17D0F563-4358-49BD-9D29-830FC8E75C82}.Debug|Any CPU.ActiveCfg = Debug|Any CPU
		{17D0F563-4358-49BD-9D29-830FC8E75C82}.Debug|Any CPU.Build.0 = Debug|Any CPU
		{17D0F563-4358-49BD-9D29-830FC8E75C82}.Debug|Mixed Platforms.ActiveCfg = Debug|Any CPU
		{17D0F563-4358-49BD-9D29-830FC8E75C82}.Debug|Mixed Platforms.Build.0 = Debug|Any CPU
		{17D0F563-4358-49BD-9D29-830FC8E75C82}.Debug|x64.ActiveCfg = Debug|Any CPU
		{17D0F563-4358-49BD-9D29-830FC8E75C82}.Debug|x86.ActiveCfg = Debug|Any CPU
		{17D0F563-4358-49BD-9D29-830FC8E75C82}.DVD-5|Any CPU.ActiveCfg = Debug|Any CPU
		{17D0F563-4358-49BD-9D29-830FC8E75C82}.DVD-5|Any CPU.Build.0 = Debug|Any CPU
		{17D0F563-4358-49BD-9D29-830FC8E75C82}.DVD-5|Mixed Platforms.ActiveCfg = Debug|Any CPU
		{17D0F563-4358-49BD-9D29-830FC8E75C82}.DVD-5|Mixed Platforms.Build.0 = Debug|Any CPU
		{17D0F563-4358-49BD-9D29-830FC8E75C82}.DVD-5|x64.ActiveCfg = Debug|Any CPU
		{17D0F563-4358-49BD-9D29-830FC8E75C82}.DVD-5|x86.ActiveCfg = Debug|Any CPU
		{17D0F563-4358-49BD-9D29-830FC8E75C82}.EasyTest|Any CPU.ActiveCfg = Release|Any CPU
		{17D0F563-4358-49BD-9D29-830FC8E75C82}.EasyTest|Any CPU.Build.0 = Release|Any CPU
		{17D0F563-4358-49BD-9D29-830FC8E75C82}.EasyTest|Mixed Platforms.ActiveCfg = Release|Any CPU
		{17D0F563-4358-49BD-9D29-830FC8E75C82}.EasyTest|Mixed Platforms.Build.0 = Release|Any CPU
		{17D0F563-4358-49BD-9D29-830FC8E75C82}.EasyTest|x64.ActiveCfg = Release|Any CPU
		{17D0F563-4358-49BD-9D29-830FC8E75C82}.EasyTest|x86.ActiveCfg = Release|Any CPU
		{17D0F563-4358-49BD-9D29-830FC8E75C82}.Release|Any CPU.ActiveCfg = Release|Any CPU
		{17D0F563-4358-49BD-9D29-830FC8E75C82}.Release|Any CPU.Build.0 = Release|Any CPU
		{17D0F563-4358-49BD-9D29-830FC8E75C82}.Release|Mixed Platforms.ActiveCfg = Release|Any CPU
		{17D0F563-4358-49BD-9D29-830FC8E75C82}.Release|Mixed Platforms.Build.0 = Release|Any CPU
		{17D0F563-4358-49BD-9D29-830FC8E75C82}.Release|x64.ActiveCfg = Release|Any CPU
		{17D0F563-4358-49BD-9D29-830FC8E75C82}.Release|x86.ActiveCfg = Release|Any CPU
		{17D0F563-4358-49BD-9D29-830FC8E75C82}.SingleImage|Any CPU.ActiveCfg = Release|Any CPU
		{17D0F563-4358-49BD-9D29-830FC8E75C82}.SingleImage|Any CPU.Build.0 = Release|Any CPU
		{17D0F563-4358-49BD-9D29-830FC8E75C82}.SingleImage|Mixed Platforms.ActiveCfg = Release|Any CPU
		{17D0F563-4358-49BD-9D29-830FC8E75C82}.SingleImage|Mixed Platforms.Build.0 = Release|Any CPU
		{17D0F563-4358-49BD-9D29-830FC8E75C82}.SingleImage|x64.ActiveCfg = Release|Any CPU
		{17D0F563-4358-49BD-9D29-830FC8E75C82}.SingleImage|x86.ActiveCfg = Release|Any CPU
		{5BA58341-C292-47EC-ADF6-AF199DBF65F3}.All|Any CPU.ActiveCfg = Release|Any CPU
		{5BA58341-C292-47EC-ADF6-AF199DBF65F3}.All|Any CPU.Build.0 = Release|Any CPU
		{5BA58341-C292-47EC-ADF6-AF199DBF65F3}.All|Mixed Platforms.ActiveCfg = Release|Any CPU
		{5BA58341-C292-47EC-ADF6-AF199DBF65F3}.All|Mixed Platforms.Build.0 = Release|Any CPU
		{5BA58341-C292-47EC-ADF6-AF199DBF65F3}.All|x64.ActiveCfg = Release|Any CPU
		{5BA58341-C292-47EC-ADF6-AF199DBF65F3}.All|x86.ActiveCfg = Release|Any CPU
		{5BA58341-C292-47EC-ADF6-AF199DBF65F3}.CD_ROM|Any CPU.ActiveCfg = Release|Any CPU
		{5BA58341-C292-47EC-ADF6-AF199DBF65F3}.CD_ROM|Any CPU.Build.0 = Release|Any CPU
		{5BA58341-C292-47EC-ADF6-AF199DBF65F3}.CD_ROM|Mixed Platforms.ActiveCfg = Release|Any CPU
		{5BA58341-C292-47EC-ADF6-AF199DBF65F3}.CD_ROM|Mixed Platforms.Build.0 = Release|Any CPU
		{5BA58341-C292-47EC-ADF6-AF199DBF65F3}.CD_ROM|x64.ActiveCfg = Release|Any CPU
		{5BA58341-C292-47EC-ADF6-AF199DBF65F3}.CD_ROM|x86.ActiveCfg = Release|Any CPU
		{5BA58341-C292-47EC-ADF6-AF199DBF65F3}.Debug|Any CPU.ActiveCfg = Debug|Any CPU
		{5BA58341-C292-47EC-ADF6-AF199DBF65F3}.Debug|Any CPU.Build.0 = Debug|Any CPU
		{5BA58341-C292-47EC-ADF6-AF199DBF65F3}.Debug|Mixed Platforms.ActiveCfg = Debug|Any CPU
		{5BA58341-C292-47EC-ADF6-AF199DBF65F3}.Debug|Mixed Platforms.Build.0 = Debug|Any CPU
		{5BA58341-C292-47EC-ADF6-AF199DBF65F3}.Debug|x64.ActiveCfg = Debug|Any CPU
		{5BA58341-C292-47EC-ADF6-AF199DBF65F3}.Debug|x86.ActiveCfg = Debug|Any CPU
		{5BA58341-C292-47EC-ADF6-AF199DBF65F3}.DVD-5|Any CPU.ActiveCfg = Debug|Any CPU
		{5BA58341-C292-47EC-ADF6-AF199DBF65F3}.DVD-5|Any CPU.Build.0 = Debug|Any CPU
		{5BA58341-C292-47EC-ADF6-AF199DBF65F3}.DVD-5|Mixed Platforms.ActiveCfg = Debug|Any CPU
		{5BA58341-C292-47EC-ADF6-AF199DBF65F3}.DVD-5|Mixed Platforms.Build.0 = Debug|Any CPU
		{5BA58341-C292-47EC-ADF6-AF199DBF65F3}.DVD-5|x64.ActiveCfg = Debug|Any CPU
		{5BA58341-C292-47EC-ADF6-AF199DBF65F3}.DVD-5|x86.ActiveCfg = Debug|Any CPU
		{5BA58341-C292-47EC-ADF6-AF199DBF65F3}.EasyTest|Any CPU.ActiveCfg = Release|Any CPU
		{5BA58341-C292-47EC-ADF6-AF199DBF65F3}.EasyTest|Any CPU.Build.0 = Release|Any CPU
		{5BA58341-C292-47EC-ADF6-AF199DBF65F3}.EasyTest|Mixed Platforms.ActiveCfg = Release|Any CPU
		{5BA58341-C292-47EC-ADF6-AF199DBF65F3}.EasyTest|Mixed Platforms.Build.0 = Release|Any CPU
		{5BA58341-C292-47EC-ADF6-AF199DBF65F3}.EasyTest|x64.ActiveCfg = Release|Any CPU
		{5BA58341-C292-47EC-ADF6-AF199DBF65F3}.EasyTest|x86.ActiveCfg = Release|Any CPU
		{5BA58341-C292-47EC-ADF6-AF199DBF65F3}.Release|Any CPU.ActiveCfg = Release|Any CPU
		{5BA58341-C292-47EC-ADF6-AF199DBF65F3}.Release|Any CPU.Build.0 = Release|Any CPU
		{5BA58341-C292-47EC-ADF6-AF199DBF65F3}.Release|Mixed Platforms.ActiveCfg = Release|Any CPU
		{5BA58341-C292-47EC-ADF6-AF199DBF65F3}.Release|Mixed Platforms.Build.0 = Release|Any CPU
		{5BA58341-C292-47EC-ADF6-AF199DBF65F3}.Release|x64.ActiveCfg = Release|Any CPU
		{5BA58341-C292-47EC-ADF6-AF199DBF65F3}.Release|x86.ActiveCfg = Release|Any CPU
		{5BA58341-C292-47EC-ADF6-AF199DBF65F3}.SingleImage|Any CPU.ActiveCfg = Release|Any CPU
		{5BA58341-C292-47EC-ADF6-AF199DBF65F3}.SingleImage|Any CPU.Build.0 = Release|Any CPU
		{5BA58341-C292-47EC-ADF6-AF199DBF65F3}.SingleImage|Mixed Platforms.ActiveCfg = Release|Any CPU
		{5BA58341-C292-47EC-ADF6-AF199DBF65F3}.SingleImage|Mixed Platforms.Build.0 = Release|Any CPU
		{5BA58341-C292-47EC-ADF6-AF199DBF65F3}.SingleImage|x64.ActiveCfg = Release|Any CPU
		{5BA58341-C292-47EC-ADF6-AF199DBF65F3}.SingleImage|x86.ActiveCfg = Release|Any CPU
		{AF384AC4-7F18-4735-AEA0-767E635F99E7}.All|Any CPU.ActiveCfg = Release|Any CPU
		{AF384AC4-7F18-4735-AEA0-767E635F99E7}.All|Any CPU.Build.0 = Release|Any CPU
		{AF384AC4-7F18-4735-AEA0-767E635F99E7}.All|Mixed Platforms.ActiveCfg = Release|Any CPU
		{AF384AC4-7F18-4735-AEA0-767E635F99E7}.All|Mixed Platforms.Build.0 = Release|Any CPU
		{AF384AC4-7F18-4735-AEA0-767E635F99E7}.All|x64.ActiveCfg = Release|Any CPU
		{AF384AC4-7F18-4735-AEA0-767E635F99E7}.All|x86.ActiveCfg = Release|Any CPU
		{AF384AC4-7F18-4735-AEA0-767E635F99E7}.CD_ROM|Any CPU.ActiveCfg = Release|Any CPU
		{AF384AC4-7F18-4735-AEA0-767E635F99E7}.CD_ROM|Any CPU.Build.0 = Release|Any CPU
		{AF384AC4-7F18-4735-AEA0-767E635F99E7}.CD_ROM|Mixed Platforms.ActiveCfg = Release|Any CPU
		{AF384AC4-7F18-4735-AEA0-767E635F99E7}.CD_ROM|Mixed Platforms.Build.0 = Release|Any CPU
		{AF384AC4-7F18-4735-AEA0-767E635F99E7}.CD_ROM|x64.ActiveCfg = Release|Any CPU
		{AF384AC4-7F18-4735-AEA0-767E635F99E7}.CD_ROM|x86.ActiveCfg = Release|Any CPU
		{AF384AC4-7F18-4735-AEA0-767E635F99E7}.Debug|Any CPU.ActiveCfg = Debug|Any CPU
		{AF384AC4-7F18-4735-AEA0-767E635F99E7}.Debug|Any CPU.Build.0 = Debug|Any CPU
		{AF384AC4-7F18-4735-AEA0-767E635F99E7}.Debug|Mixed Platforms.ActiveCfg = Debug|Any CPU
		{AF384AC4-7F18-4735-AEA0-767E635F99E7}.Debug|Mixed Platforms.Build.0 = Debug|Any CPU
		{AF384AC4-7F18-4735-AEA0-767E635F99E7}.Debug|x64.ActiveCfg = Debug|Any CPU
		{AF384AC4-7F18-4735-AEA0-767E635F99E7}.Debug|x86.ActiveCfg = Debug|Any CPU
		{AF384AC4-7F18-4735-AEA0-767E635F99E7}.DVD-5|Any CPU.ActiveCfg = Debug|Any CPU
		{AF384AC4-7F18-4735-AEA0-767E635F99E7}.DVD-5|Any CPU.Build.0 = Debug|Any CPU
		{AF384AC4-7F18-4735-AEA0-767E635F99E7}.DVD-5|Mixed Platforms.ActiveCfg = Debug|Any CPU
		{AF384AC4-7F18-4735-AEA0-767E635F99E7}.DVD-5|Mixed Platforms.Build.0 = Debug|Any CPU
		{AF384AC4-7F18-4735-AEA0-767E635F99E7}.DVD-5|x64.ActiveCfg = Debug|Any CPU
		{AF384AC4-7F18-4735-AEA0-767E635F99E7}.DVD-5|x86.ActiveCfg = Debug|Any CPU
		{AF384AC4-7F18-4735-AEA0-767E635F99E7}.EasyTest|Any CPU.ActiveCfg = Release|Any CPU
		{AF384AC4-7F18-4735-AEA0-767E635F99E7}.EasyTest|Any CPU.Build.0 = Release|Any CPU
		{AF384AC4-7F18-4735-AEA0-767E635F99E7}.EasyTest|Mixed Platforms.ActiveCfg = Release|Any CPU
		{AF384AC4-7F18-4735-AEA0-767E635F99E7}.EasyTest|Mixed Platforms.Build.0 = Release|Any CPU
		{AF384AC4-7F18-4735-AEA0-767E635F99E7}.EasyTest|x64.ActiveCfg = Release|Any CPU
		{AF384AC4-7F18-4735-AEA0-767E635F99E7}.EasyTest|x86.ActiveCfg = Release|Any CPU
		{AF384AC4-7F18-4735-AEA0-767E635F99E7}.Release|Any CPU.ActiveCfg = Release|Any CPU
		{AF384AC4-7F18-4735-AEA0-767E635F99E7}.Release|Any CPU.Build.0 = Release|Any CPU
		{AF384AC4-7F18-4735-AEA0-767E635F99E7}.Release|Mixed Platforms.ActiveCfg = Release|Any CPU
		{AF384AC4-7F18-4735-AEA0-767E635F99E7}.Release|Mixed Platforms.Build.0 = Release|Any CPU
		{AF384AC4-7F18-4735-AEA0-767E635F99E7}.Release|x64.ActiveCfg = Release|Any CPU
		{AF384AC4-7F18-4735-AEA0-767E635F99E7}.Release|x86.ActiveCfg = Release|Any CPU
		{AF384AC4-7F18-4735-AEA0-767E635F99E7}.SingleImage|Any CPU.ActiveCfg = Release|Any CPU
		{AF384AC4-7F18-4735-AEA0-767E635F99E7}.SingleImage|Any CPU.Build.0 = Release|Any CPU
		{AF384AC4-7F18-4735-AEA0-767E635F99E7}.SingleImage|Mixed Platforms.ActiveCfg = Release|Any CPU
		{AF384AC4-7F18-4735-AEA0-767E635F99E7}.SingleImage|Mixed Platforms.Build.0 = Release|Any CPU
		{AF384AC4-7F18-4735-AEA0-767E635F99E7}.SingleImage|x64.ActiveCfg = Release|Any CPU
		{AF384AC4-7F18-4735-AEA0-767E635F99E7}.SingleImage|x86.ActiveCfg = Release|Any CPU
		{12F209BD-7412-4080-BE37-41A95FE1D29A}.All|Any CPU.ActiveCfg = Release|Any CPU
		{12F209BD-7412-4080-BE37-41A95FE1D29A}.All|Any CPU.Build.0 = Release|Any CPU
		{12F209BD-7412-4080-BE37-41A95FE1D29A}.All|Mixed Platforms.ActiveCfg = Release|Any CPU
		{12F209BD-7412-4080-BE37-41A95FE1D29A}.All|Mixed Platforms.Build.0 = Release|Any CPU
		{12F209BD-7412-4080-BE37-41A95FE1D29A}.All|x64.ActiveCfg = Release|Any CPU
		{12F209BD-7412-4080-BE37-41A95FE1D29A}.All|x86.ActiveCfg = Release|Any CPU
		{12F209BD-7412-4080-BE37-41A95FE1D29A}.CD_ROM|Any CPU.ActiveCfg = Release|Any CPU
		{12F209BD-7412-4080-BE37-41A95FE1D29A}.CD_ROM|Any CPU.Build.0 = Release|Any CPU
		{12F209BD-7412-4080-BE37-41A95FE1D29A}.CD_ROM|Mixed Platforms.ActiveCfg = Release|Any CPU
		{12F209BD-7412-4080-BE37-41A95FE1D29A}.CD_ROM|Mixed Platforms.Build.0 = Release|Any CPU
		{12F209BD-7412-4080-BE37-41A95FE1D29A}.CD_ROM|x64.ActiveCfg = Release|Any CPU
		{12F209BD-7412-4080-BE37-41A95FE1D29A}.CD_ROM|x86.ActiveCfg = Release|Any CPU
		{12F209BD-7412-4080-BE37-41A95FE1D29A}.Debug|Any CPU.ActiveCfg = Debug|Any CPU
		{12F209BD-7412-4080-BE37-41A95FE1D29A}.Debug|Any CPU.Build.0 = Debug|Any CPU
		{12F209BD-7412-4080-BE37-41A95FE1D29A}.Debug|Mixed Platforms.ActiveCfg = Debug|Any CPU
		{12F209BD-7412-4080-BE37-41A95FE1D29A}.Debug|Mixed Platforms.Build.0 = Debug|Any CPU
		{12F209BD-7412-4080-BE37-41A95FE1D29A}.Debug|x64.ActiveCfg = Debug|Any CPU
		{12F209BD-7412-4080-BE37-41A95FE1D29A}.Debug|x86.ActiveCfg = Debug|Any CPU
		{12F209BD-7412-4080-BE37-41A95FE1D29A}.DVD-5|Any CPU.ActiveCfg = Debug|Any CPU
		{12F209BD-7412-4080-BE37-41A95FE1D29A}.DVD-5|Any CPU.Build.0 = Debug|Any CPU
		{12F209BD-7412-4080-BE37-41A95FE1D29A}.DVD-5|Mixed Platforms.ActiveCfg = Debug|Any CPU
		{12F209BD-7412-4080-BE37-41A95FE1D29A}.DVD-5|Mixed Platforms.Build.0 = Debug|Any CPU
		{12F209BD-7412-4080-BE37-41A95FE1D29A}.DVD-5|x64.ActiveCfg = Debug|Any CPU
		{12F209BD-7412-4080-BE37-41A95FE1D29A}.DVD-5|x86.ActiveCfg = Debug|Any CPU
		{12F209BD-7412-4080-BE37-41A95FE1D29A}.EasyTest|Any CPU.ActiveCfg = Release|Any CPU
		{12F209BD-7412-4080-BE37-41A95FE1D29A}.EasyTest|Any CPU.Build.0 = Release|Any CPU
		{12F209BD-7412-4080-BE37-41A95FE1D29A}.EasyTest|Mixed Platforms.ActiveCfg = Release|Any CPU
		{12F209BD-7412-4080-BE37-41A95FE1D29A}.EasyTest|Mixed Platforms.Build.0 = Release|Any CPU
		{12F209BD-7412-4080-BE37-41A95FE1D29A}.EasyTest|x64.ActiveCfg = Release|Any CPU
		{12F209BD-7412-4080-BE37-41A95FE1D29A}.EasyTest|x86.ActiveCfg = Release|Any CPU
		{12F209BD-7412-4080-BE37-41A95FE1D29A}.Release|Any CPU.ActiveCfg = Release|Any CPU
		{12F209BD-7412-4080-BE37-41A95FE1D29A}.Release|Any CPU.Build.0 = Release|Any CPU
		{12F209BD-7412-4080-BE37-41A95FE1D29A}.Release|Mixed Platforms.ActiveCfg = Release|Any CPU
		{12F209BD-7412-4080-BE37-41A95FE1D29A}.Release|Mixed Platforms.Build.0 = Release|Any CPU
		{12F209BD-7412-4080-BE37-41A95FE1D29A}.Release|x64.ActiveCfg = Release|Any CPU
		{12F209BD-7412-4080-BE37-41A95FE1D29A}.Release|x86.ActiveCfg = Release|Any CPU
		{12F209BD-7412-4080-BE37-41A95FE1D29A}.SingleImage|Any CPU.ActiveCfg = Release|Any CPU
		{12F209BD-7412-4080-BE37-41A95FE1D29A}.SingleImage|Any CPU.Build.0 = Release|Any CPU
		{12F209BD-7412-4080-BE37-41A95FE1D29A}.SingleImage|Mixed Platforms.ActiveCfg = Release|Any CPU
		{12F209BD-7412-4080-BE37-41A95FE1D29A}.SingleImage|Mixed Platforms.Build.0 = Release|Any CPU
		{12F209BD-7412-4080-BE37-41A95FE1D29A}.SingleImage|x64.ActiveCfg = Release|Any CPU
		{12F209BD-7412-4080-BE37-41A95FE1D29A}.SingleImage|x86.ActiveCfg = Release|Any CPU
		{3C4624D3-3225-4E44-8B95-1BB2198FD244}.All|Any CPU.ActiveCfg = Release|Any CPU
		{3C4624D3-3225-4E44-8B95-1BB2198FD244}.All|Any CPU.Build.0 = Release|Any CPU
		{3C4624D3-3225-4E44-8B95-1BB2198FD244}.All|Mixed Platforms.ActiveCfg = Release|x86
		{3C4624D3-3225-4E44-8B95-1BB2198FD244}.All|Mixed Platforms.Build.0 = Release|x86
		{3C4624D3-3225-4E44-8B95-1BB2198FD244}.All|x64.ActiveCfg = Release|Any CPU
		{3C4624D3-3225-4E44-8B95-1BB2198FD244}.All|x64.Build.0 = Release|Any CPU
		{3C4624D3-3225-4E44-8B95-1BB2198FD244}.All|x86.ActiveCfg = Release|x86
		{3C4624D3-3225-4E44-8B95-1BB2198FD244}.All|x86.Build.0 = Release|x86
		{3C4624D3-3225-4E44-8B95-1BB2198FD244}.CD_ROM|Any CPU.ActiveCfg = Release|Any CPU
		{3C4624D3-3225-4E44-8B95-1BB2198FD244}.CD_ROM|Any CPU.Build.0 = Release|Any CPU
		{3C4624D3-3225-4E44-8B95-1BB2198FD244}.CD_ROM|Mixed Platforms.ActiveCfg = Release|x86
		{3C4624D3-3225-4E44-8B95-1BB2198FD244}.CD_ROM|Mixed Platforms.Build.0 = Release|x86
		{3C4624D3-3225-4E44-8B95-1BB2198FD244}.CD_ROM|x64.ActiveCfg = Release|Any CPU
		{3C4624D3-3225-4E44-8B95-1BB2198FD244}.CD_ROM|x64.Build.0 = Release|Any CPU
		{3C4624D3-3225-4E44-8B95-1BB2198FD244}.CD_ROM|x86.ActiveCfg = Release|x86
		{3C4624D3-3225-4E44-8B95-1BB2198FD244}.CD_ROM|x86.Build.0 = Release|x86
		{3C4624D3-3225-4E44-8B95-1BB2198FD244}.Debug|Any CPU.ActiveCfg = Debug|Any CPU
		{3C4624D3-3225-4E44-8B95-1BB2198FD244}.Debug|Any CPU.Build.0 = Debug|Any CPU
		{3C4624D3-3225-4E44-8B95-1BB2198FD244}.Debug|Mixed Platforms.ActiveCfg = Debug|x86
		{3C4624D3-3225-4E44-8B95-1BB2198FD244}.Debug|Mixed Platforms.Build.0 = Debug|x86
		{3C4624D3-3225-4E44-8B95-1BB2198FD244}.Debug|x64.ActiveCfg = Debug|Any CPU
		{3C4624D3-3225-4E44-8B95-1BB2198FD244}.Debug|x64.Build.0 = Debug|Any CPU
		{3C4624D3-3225-4E44-8B95-1BB2198FD244}.Debug|x86.ActiveCfg = Debug|x86
		{3C4624D3-3225-4E44-8B95-1BB2198FD244}.Debug|x86.Build.0 = Debug|x86
		{3C4624D3-3225-4E44-8B95-1BB2198FD244}.DVD-5|Any CPU.ActiveCfg = Debug|Any CPU
		{3C4624D3-3225-4E44-8B95-1BB2198FD244}.DVD-5|Any CPU.Build.0 = Debug|Any CPU
		{3C4624D3-3225-4E44-8B95-1BB2198FD244}.DVD-5|Mixed Platforms.ActiveCfg = Debug|x86
		{3C4624D3-3225-4E44-8B95-1BB2198FD244}.DVD-5|Mixed Platforms.Build.0 = Debug|x86
		{3C4624D3-3225-4E44-8B95-1BB2198FD244}.DVD-5|x64.ActiveCfg = Debug|Any CPU
		{3C4624D3-3225-4E44-8B95-1BB2198FD244}.DVD-5|x64.Build.0 = Debug|Any CPU
		{3C4624D3-3225-4E44-8B95-1BB2198FD244}.DVD-5|x86.ActiveCfg = Debug|x86
		{3C4624D3-3225-4E44-8B95-1BB2198FD244}.DVD-5|x86.Build.0 = Debug|x86
		{3C4624D3-3225-4E44-8B95-1BB2198FD244}.EasyTest|Any CPU.ActiveCfg = Release|Any CPU
		{3C4624D3-3225-4E44-8B95-1BB2198FD244}.EasyTest|Any CPU.Build.0 = Release|Any CPU
		{3C4624D3-3225-4E44-8B95-1BB2198FD244}.EasyTest|Mixed Platforms.ActiveCfg = Release|x86
		{3C4624D3-3225-4E44-8B95-1BB2198FD244}.EasyTest|Mixed Platforms.Build.0 = Release|x86
		{3C4624D3-3225-4E44-8B95-1BB2198FD244}.EasyTest|x64.ActiveCfg = Release|Any CPU
		{3C4624D3-3225-4E44-8B95-1BB2198FD244}.EasyTest|x64.Build.0 = Release|Any CPU
		{3C4624D3-3225-4E44-8B95-1BB2198FD244}.EasyTest|x86.ActiveCfg = Release|x86
		{3C4624D3-3225-4E44-8B95-1BB2198FD244}.EasyTest|x86.Build.0 = Release|x86
		{3C4624D3-3225-4E44-8B95-1BB2198FD244}.Release|Any CPU.ActiveCfg = Release|Any CPU
		{3C4624D3-3225-4E44-8B95-1BB2198FD244}.Release|Any CPU.Build.0 = Release|Any CPU
		{3C4624D3-3225-4E44-8B95-1BB2198FD244}.Release|Mixed Platforms.ActiveCfg = Release|x86
		{3C4624D3-3225-4E44-8B95-1BB2198FD244}.Release|Mixed Platforms.Build.0 = Release|x86
		{3C4624D3-3225-4E44-8B95-1BB2198FD244}.Release|x64.ActiveCfg = Release|Any CPU
		{3C4624D3-3225-4E44-8B95-1BB2198FD244}.Release|x64.Build.0 = Release|Any CPU
		{3C4624D3-3225-4E44-8B95-1BB2198FD244}.Release|x86.ActiveCfg = Release|x86
		{3C4624D3-3225-4E44-8B95-1BB2198FD244}.Release|x86.Build.0 = Release|x86
		{3C4624D3-3225-4E44-8B95-1BB2198FD244}.SingleImage|Any CPU.ActiveCfg = Release|Any CPU
		{3C4624D3-3225-4E44-8B95-1BB2198FD244}.SingleImage|Any CPU.Build.0 = Release|Any CPU
		{3C4624D3-3225-4E44-8B95-1BB2198FD244}.SingleImage|Mixed Platforms.ActiveCfg = Release|x86
		{3C4624D3-3225-4E44-8B95-1BB2198FD244}.SingleImage|Mixed Platforms.Build.0 = Release|x86
		{3C4624D3-3225-4E44-8B95-1BB2198FD244}.SingleImage|x64.ActiveCfg = Release|Any CPU
		{3C4624D3-3225-4E44-8B95-1BB2198FD244}.SingleImage|x64.Build.0 = Release|Any CPU
		{3C4624D3-3225-4E44-8B95-1BB2198FD244}.SingleImage|x86.ActiveCfg = Release|x86
		{3C4624D3-3225-4E44-8B95-1BB2198FD244}.SingleImage|x86.Build.0 = Release|x86
		{C251FCF7-BCE6-4F26-9B09-D720FE55B2A9}.All|Any CPU.ActiveCfg = Release|Any CPU
		{C251FCF7-BCE6-4F26-9B09-D720FE55B2A9}.All|Any CPU.Build.0 = Release|Any CPU
		{C251FCF7-BCE6-4F26-9B09-D720FE55B2A9}.All|Mixed Platforms.ActiveCfg = Release|Any CPU
		{C251FCF7-BCE6-4F26-9B09-D720FE55B2A9}.All|Mixed Platforms.Build.0 = Release|Any CPU
		{C251FCF7-BCE6-4F26-9B09-D720FE55B2A9}.All|x64.ActiveCfg = Release|Any CPU
		{C251FCF7-BCE6-4F26-9B09-D720FE55B2A9}.All|x64.Build.0 = Release|Any CPU
		{C251FCF7-BCE6-4F26-9B09-D720FE55B2A9}.All|x86.ActiveCfg = Release|Any CPU
		{C251FCF7-BCE6-4F26-9B09-D720FE55B2A9}.All|x86.Build.0 = Release|Any CPU
		{C251FCF7-BCE6-4F26-9B09-D720FE55B2A9}.CD_ROM|Any CPU.ActiveCfg = Release|Any CPU
		{C251FCF7-BCE6-4F26-9B09-D720FE55B2A9}.CD_ROM|Any CPU.Build.0 = Release|Any CPU
		{C251FCF7-BCE6-4F26-9B09-D720FE55B2A9}.CD_ROM|Mixed Platforms.ActiveCfg = Release|Any CPU
		{C251FCF7-BCE6-4F26-9B09-D720FE55B2A9}.CD_ROM|Mixed Platforms.Build.0 = Release|Any CPU
		{C251FCF7-BCE6-4F26-9B09-D720FE55B2A9}.CD_ROM|x64.ActiveCfg = Release|Any CPU
		{C251FCF7-BCE6-4F26-9B09-D720FE55B2A9}.CD_ROM|x64.Build.0 = Release|Any CPU
		{C251FCF7-BCE6-4F26-9B09-D720FE55B2A9}.CD_ROM|x86.ActiveCfg = Release|Any CPU
		{C251FCF7-BCE6-4F26-9B09-D720FE55B2A9}.CD_ROM|x86.Build.0 = Release|Any CPU
		{C251FCF7-BCE6-4F26-9B09-D720FE55B2A9}.Debug|Any CPU.ActiveCfg = Debug|Any CPU
		{C251FCF7-BCE6-4F26-9B09-D720FE55B2A9}.Debug|Any CPU.Build.0 = Debug|Any CPU
		{C251FCF7-BCE6-4F26-9B09-D720FE55B2A9}.Debug|Mixed Platforms.ActiveCfg = Debug|Any CPU
		{C251FCF7-BCE6-4F26-9B09-D720FE55B2A9}.Debug|Mixed Platforms.Build.0 = Debug|Any CPU
		{C251FCF7-BCE6-4F26-9B09-D720FE55B2A9}.Debug|x64.ActiveCfg = Debug|Any CPU
		{C251FCF7-BCE6-4F26-9B09-D720FE55B2A9}.Debug|x64.Build.0 = Debug|Any CPU
		{C251FCF7-BCE6-4F26-9B09-D720FE55B2A9}.Debug|x86.ActiveCfg = Debug|Any CPU
		{C251FCF7-BCE6-4F26-9B09-D720FE55B2A9}.Debug|x86.Build.0 = Debug|Any CPU
		{C251FCF7-BCE6-4F26-9B09-D720FE55B2A9}.DVD-5|Any CPU.ActiveCfg = Debug|Any CPU
		{C251FCF7-BCE6-4F26-9B09-D720FE55B2A9}.DVD-5|Any CPU.Build.0 = Debug|Any CPU
		{C251FCF7-BCE6-4F26-9B09-D720FE55B2A9}.DVD-5|Mixed Platforms.ActiveCfg = Debug|Any CPU
		{C251FCF7-BCE6-4F26-9B09-D720FE55B2A9}.DVD-5|Mixed Platforms.Build.0 = Debug|Any CPU
		{C251FCF7-BCE6-4F26-9B09-D720FE55B2A9}.DVD-5|x64.ActiveCfg = Debug|Any CPU
		{C251FCF7-BCE6-4F26-9B09-D720FE55B2A9}.DVD-5|x64.Build.0 = Debug|Any CPU
		{C251FCF7-BCE6-4F26-9B09-D720FE55B2A9}.DVD-5|x86.ActiveCfg = Debug|Any CPU
		{C251FCF7-BCE6-4F26-9B09-D720FE55B2A9}.DVD-5|x86.Build.0 = Debug|Any CPU
		{C251FCF7-BCE6-4F26-9B09-D720FE55B2A9}.EasyTest|Any CPU.ActiveCfg = Release|Any CPU
		{C251FCF7-BCE6-4F26-9B09-D720FE55B2A9}.EasyTest|Any CPU.Build.0 = Release|Any CPU
		{C251FCF7-BCE6-4F26-9B09-D720FE55B2A9}.EasyTest|Mixed Platforms.ActiveCfg = Release|Any CPU
		{C251FCF7-BCE6-4F26-9B09-D720FE55B2A9}.EasyTest|Mixed Platforms.Build.0 = Release|Any CPU
		{C251FCF7-BCE6-4F26-9B09-D720FE55B2A9}.EasyTest|x64.ActiveCfg = Release|Any CPU
		{C251FCF7-BCE6-4F26-9B09-D720FE55B2A9}.EasyTest|x64.Build.0 = Release|Any CPU
		{C251FCF7-BCE6-4F26-9B09-D720FE55B2A9}.EasyTest|x86.ActiveCfg = Release|Any CPU
		{C251FCF7-BCE6-4F26-9B09-D720FE55B2A9}.EasyTest|x86.Build.0 = Release|Any CPU
		{C251FCF7-BCE6-4F26-9B09-D720FE55B2A9}.Release|Any CPU.ActiveCfg = Release|Any CPU
		{C251FCF7-BCE6-4F26-9B09-D720FE55B2A9}.Release|Any CPU.Build.0 = Release|Any CPU
		{C251FCF7-BCE6-4F26-9B09-D720FE55B2A9}.Release|Mixed Platforms.ActiveCfg = Release|Any CPU
		{C251FCF7-BCE6-4F26-9B09-D720FE55B2A9}.Release|Mixed Platforms.Build.0 = Release|Any CPU
		{C251FCF7-BCE6-4F26-9B09-D720FE55B2A9}.Release|x64.ActiveCfg = Release|Any CPU
		{C251FCF7-BCE6-4F26-9B09-D720FE55B2A9}.Release|x64.Build.0 = Release|Any CPU
		{C251FCF7-BCE6-4F26-9B09-D720FE55B2A9}.Release|x86.ActiveCfg = Release|Any CPU
		{C251FCF7-BCE6-4F26-9B09-D720FE55B2A9}.Release|x86.Build.0 = Release|Any CPU
		{C251FCF7-BCE6-4F26-9B09-D720FE55B2A9}.SingleImage|Any CPU.ActiveCfg = Release|Any CPU
		{C251FCF7-BCE6-4F26-9B09-D720FE55B2A9}.SingleImage|Any CPU.Build.0 = Release|Any CPU
		{C251FCF7-BCE6-4F26-9B09-D720FE55B2A9}.SingleImage|Mixed Platforms.ActiveCfg = Release|Any CPU
		{C251FCF7-BCE6-4F26-9B09-D720FE55B2A9}.SingleImage|Mixed Platforms.Build.0 = Release|Any CPU
		{C251FCF7-BCE6-4F26-9B09-D720FE55B2A9}.SingleImage|x64.ActiveCfg = Release|Any CPU
		{C251FCF7-BCE6-4F26-9B09-D720FE55B2A9}.SingleImage|x64.Build.0 = Release|Any CPU
		{C251FCF7-BCE6-4F26-9B09-D720FE55B2A9}.SingleImage|x86.ActiveCfg = Release|Any CPU
		{C251FCF7-BCE6-4F26-9B09-D720FE55B2A9}.SingleImage|x86.Build.0 = Release|Any CPU
		{2141CFB2-B21C-421A-8E19-A09792136156}.All|Any CPU.ActiveCfg = Release|Any CPU
		{2141CFB2-B21C-421A-8E19-A09792136156}.All|Any CPU.Build.0 = Release|Any CPU
		{2141CFB2-B21C-421A-8E19-A09792136156}.All|Mixed Platforms.ActiveCfg = Release|Any CPU
		{2141CFB2-B21C-421A-8E19-A09792136156}.All|Mixed Platforms.Build.0 = Release|Any CPU
		{2141CFB2-B21C-421A-8E19-A09792136156}.All|x64.ActiveCfg = Release|Any CPU
		{2141CFB2-B21C-421A-8E19-A09792136156}.All|x64.Build.0 = Release|Any CPU
		{2141CFB2-B21C-421A-8E19-A09792136156}.All|x86.ActiveCfg = Release|Any CPU
		{2141CFB2-B21C-421A-8E19-A09792136156}.All|x86.Build.0 = Release|Any CPU
		{2141CFB2-B21C-421A-8E19-A09792136156}.CD_ROM|Any CPU.ActiveCfg = Release|Any CPU
		{2141CFB2-B21C-421A-8E19-A09792136156}.CD_ROM|Any CPU.Build.0 = Release|Any CPU
		{2141CFB2-B21C-421A-8E19-A09792136156}.CD_ROM|Mixed Platforms.ActiveCfg = Release|Any CPU
		{2141CFB2-B21C-421A-8E19-A09792136156}.CD_ROM|Mixed Platforms.Build.0 = Release|Any CPU
		{2141CFB2-B21C-421A-8E19-A09792136156}.CD_ROM|x64.ActiveCfg = Release|Any CPU
		{2141CFB2-B21C-421A-8E19-A09792136156}.CD_ROM|x64.Build.0 = Release|Any CPU
		{2141CFB2-B21C-421A-8E19-A09792136156}.CD_ROM|x86.ActiveCfg = Release|Any CPU
		{2141CFB2-B21C-421A-8E19-A09792136156}.CD_ROM|x86.Build.0 = Release|Any CPU
		{2141CFB2-B21C-421A-8E19-A09792136156}.Debug|Any CPU.ActiveCfg = Debug|Any CPU
		{2141CFB2-B21C-421A-8E19-A09792136156}.Debug|Any CPU.Build.0 = Debug|Any CPU
		{2141CFB2-B21C-421A-8E19-A09792136156}.Debug|Mixed Platforms.ActiveCfg = Debug|Any CPU
		{2141CFB2-B21C-421A-8E19-A09792136156}.Debug|Mixed Platforms.Build.0 = Debug|Any CPU
		{2141CFB2-B21C-421A-8E19-A09792136156}.Debug|x64.ActiveCfg = Debug|Any CPU
		{2141CFB2-B21C-421A-8E19-A09792136156}.Debug|x64.Build.0 = Debug|Any CPU
		{2141CFB2-B21C-421A-8E19-A09792136156}.Debug|x86.ActiveCfg = Debug|Any CPU
		{2141CFB2-B21C-421A-8E19-A09792136156}.Debug|x86.Build.0 = Debug|Any CPU
		{2141CFB2-B21C-421A-8E19-A09792136156}.DVD-5|Any CPU.ActiveCfg = Debug|Any CPU
		{2141CFB2-B21C-421A-8E19-A09792136156}.DVD-5|Any CPU.Build.0 = Debug|Any CPU
		{2141CFB2-B21C-421A-8E19-A09792136156}.DVD-5|Mixed Platforms.ActiveCfg = Debug|Any CPU
		{2141CFB2-B21C-421A-8E19-A09792136156}.DVD-5|Mixed Platforms.Build.0 = Debug|Any CPU
		{2141CFB2-B21C-421A-8E19-A09792136156}.DVD-5|x64.ActiveCfg = Debug|Any CPU
		{2141CFB2-B21C-421A-8E19-A09792136156}.DVD-5|x64.Build.0 = Debug|Any CPU
		{2141CFB2-B21C-421A-8E19-A09792136156}.DVD-5|x86.ActiveCfg = Debug|Any CPU
		{2141CFB2-B21C-421A-8E19-A09792136156}.DVD-5|x86.Build.0 = Debug|Any CPU
		{2141CFB2-B21C-421A-8E19-A09792136156}.EasyTest|Any CPU.ActiveCfg = Release|Any CPU
		{2141CFB2-B21C-421A-8E19-A09792136156}.EasyTest|Any CPU.Build.0 = Release|Any CPU
		{2141CFB2-B21C-421A-8E19-A09792136156}.EasyTest|Mixed Platforms.ActiveCfg = Release|Any CPU
		{2141CFB2-B21C-421A-8E19-A09792136156}.EasyTest|Mixed Platforms.Build.0 = Release|Any CPU
		{2141CFB2-B21C-421A-8E19-A09792136156}.EasyTest|x64.ActiveCfg = Release|Any CPU
		{2141CFB2-B21C-421A-8E19-A09792136156}.EasyTest|x64.Build.0 = Release|Any CPU
		{2141CFB2-B21C-421A-8E19-A09792136156}.EasyTest|x86.ActiveCfg = Release|Any CPU
		{2141CFB2-B21C-421A-8E19-A09792136156}.EasyTest|x86.Build.0 = Release|Any CPU
		{2141CFB2-B21C-421A-8E19-A09792136156}.Release|Any CPU.ActiveCfg = Release|Any CPU
		{2141CFB2-B21C-421A-8E19-A09792136156}.Release|Any CPU.Build.0 = Release|Any CPU
		{2141CFB2-B21C-421A-8E19-A09792136156}.Release|Mixed Platforms.ActiveCfg = Release|Any CPU
		{2141CFB2-B21C-421A-8E19-A09792136156}.Release|Mixed Platforms.Build.0 = Release|Any CPU
		{2141CFB2-B21C-421A-8E19-A09792136156}.Release|x64.ActiveCfg = Release|Any CPU
		{2141CFB2-B21C-421A-8E19-A09792136156}.Release|x64.Build.0 = Release|Any CPU
		{2141CFB2-B21C-421A-8E19-A09792136156}.Release|x86.ActiveCfg = Release|Any CPU
		{2141CFB2-B21C-421A-8E19-A09792136156}.Release|x86.Build.0 = Release|Any CPU
		{2141CFB2-B21C-421A-8E19-A09792136156}.SingleImage|Any CPU.ActiveCfg = Release|Any CPU
		{2141CFB2-B21C-421A-8E19-A09792136156}.SingleImage|Any CPU.Build.0 = Release|Any CPU
		{2141CFB2-B21C-421A-8E19-A09792136156}.SingleImage|Mixed Platforms.ActiveCfg = Release|Any CPU
		{2141CFB2-B21C-421A-8E19-A09792136156}.SingleImage|Mixed Platforms.Build.0 = Release|Any CPU
		{2141CFB2-B21C-421A-8E19-A09792136156}.SingleImage|x64.ActiveCfg = Release|Any CPU
		{2141CFB2-B21C-421A-8E19-A09792136156}.SingleImage|x64.Build.0 = Release|Any CPU
		{2141CFB2-B21C-421A-8E19-A09792136156}.SingleImage|x86.ActiveCfg = Release|Any CPU
		{2141CFB2-B21C-421A-8E19-A09792136156}.SingleImage|x86.Build.0 = Release|Any CPU
		{F63616BB-5EF8-4DE1-8FC8-5C055AB2C475}.All|Any CPU.ActiveCfg = Release|Any CPU
		{F63616BB-5EF8-4DE1-8FC8-5C055AB2C475}.All|Any CPU.Build.0 = Release|Any CPU
		{F63616BB-5EF8-4DE1-8FC8-5C055AB2C475}.All|Mixed Platforms.ActiveCfg = Release|Any CPU
		{F63616BB-5EF8-4DE1-8FC8-5C055AB2C475}.All|Mixed Platforms.Build.0 = Release|Any CPU
		{F63616BB-5EF8-4DE1-8FC8-5C055AB2C475}.All|x64.ActiveCfg = Release|Any CPU
		{F63616BB-5EF8-4DE1-8FC8-5C055AB2C475}.All|x64.Build.0 = Release|Any CPU
		{F63616BB-5EF8-4DE1-8FC8-5C055AB2C475}.All|x86.ActiveCfg = Release|Any CPU
		{F63616BB-5EF8-4DE1-8FC8-5C055AB2C475}.All|x86.Build.0 = Release|Any CPU
		{F63616BB-5EF8-4DE1-8FC8-5C055AB2C475}.CD_ROM|Any CPU.ActiveCfg = Release|Any CPU
		{F63616BB-5EF8-4DE1-8FC8-5C055AB2C475}.CD_ROM|Any CPU.Build.0 = Release|Any CPU
		{F63616BB-5EF8-4DE1-8FC8-5C055AB2C475}.CD_ROM|Mixed Platforms.ActiveCfg = Release|Any CPU
		{F63616BB-5EF8-4DE1-8FC8-5C055AB2C475}.CD_ROM|Mixed Platforms.Build.0 = Release|Any CPU
		{F63616BB-5EF8-4DE1-8FC8-5C055AB2C475}.CD_ROM|x64.ActiveCfg = Release|Any CPU
		{F63616BB-5EF8-4DE1-8FC8-5C055AB2C475}.CD_ROM|x64.Build.0 = Release|Any CPU
		{F63616BB-5EF8-4DE1-8FC8-5C055AB2C475}.CD_ROM|x86.ActiveCfg = Release|Any CPU
		{F63616BB-5EF8-4DE1-8FC8-5C055AB2C475}.CD_ROM|x86.Build.0 = Release|Any CPU
		{F63616BB-5EF8-4DE1-8FC8-5C055AB2C475}.Debug|Any CPU.ActiveCfg = Debug|Any CPU
		{F63616BB-5EF8-4DE1-8FC8-5C055AB2C475}.Debug|Any CPU.Build.0 = Debug|Any CPU
		{F63616BB-5EF8-4DE1-8FC8-5C055AB2C475}.Debug|Mixed Platforms.ActiveCfg = Debug|Any CPU
		{F63616BB-5EF8-4DE1-8FC8-5C055AB2C475}.Debug|Mixed Platforms.Build.0 = Debug|Any CPU
		{F63616BB-5EF8-4DE1-8FC8-5C055AB2C475}.Debug|x64.ActiveCfg = Debug|Any CPU
		{F63616BB-5EF8-4DE1-8FC8-5C055AB2C475}.Debug|x64.Build.0 = Debug|Any CPU
		{F63616BB-5EF8-4DE1-8FC8-5C055AB2C475}.Debug|x86.ActiveCfg = Debug|Any CPU
		{F63616BB-5EF8-4DE1-8FC8-5C055AB2C475}.Debug|x86.Build.0 = Debug|Any CPU
		{F63616BB-5EF8-4DE1-8FC8-5C055AB2C475}.DVD-5|Any CPU.ActiveCfg = Debug|Any CPU
		{F63616BB-5EF8-4DE1-8FC8-5C055AB2C475}.DVD-5|Any CPU.Build.0 = Debug|Any CPU
		{F63616BB-5EF8-4DE1-8FC8-5C055AB2C475}.DVD-5|Mixed Platforms.ActiveCfg = Debug|Any CPU
		{F63616BB-5EF8-4DE1-8FC8-5C055AB2C475}.DVD-5|Mixed Platforms.Build.0 = Debug|Any CPU
		{F63616BB-5EF8-4DE1-8FC8-5C055AB2C475}.DVD-5|x64.ActiveCfg = Debug|Any CPU
		{F63616BB-5EF8-4DE1-8FC8-5C055AB2C475}.DVD-5|x64.Build.0 = Debug|Any CPU
		{F63616BB-5EF8-4DE1-8FC8-5C055AB2C475}.DVD-5|x86.ActiveCfg = Debug|Any CPU
		{F63616BB-5EF8-4DE1-8FC8-5C055AB2C475}.DVD-5|x86.Build.0 = Debug|Any CPU
		{F63616BB-5EF8-4DE1-8FC8-5C055AB2C475}.EasyTest|Any CPU.ActiveCfg = Release|Any CPU
		{F63616BB-5EF8-4DE1-8FC8-5C055AB2C475}.EasyTest|Any CPU.Build.0 = Release|Any CPU
		{F63616BB-5EF8-4DE1-8FC8-5C055AB2C475}.EasyTest|Mixed Platforms.ActiveCfg = Release|Any CPU
		{F63616BB-5EF8-4DE1-8FC8-5C055AB2C475}.EasyTest|Mixed Platforms.Build.0 = Release|Any CPU
		{F63616BB-5EF8-4DE1-8FC8-5C055AB2C475}.EasyTest|x64.ActiveCfg = Release|Any CPU
		{F63616BB-5EF8-4DE1-8FC8-5C055AB2C475}.EasyTest|x64.Build.0 = Release|Any CPU
		{F63616BB-5EF8-4DE1-8FC8-5C055AB2C475}.EasyTest|x86.ActiveCfg = Release|Any CPU
		{F63616BB-5EF8-4DE1-8FC8-5C055AB2C475}.EasyTest|x86.Build.0 = Release|Any CPU
		{F63616BB-5EF8-4DE1-8FC8-5C055AB2C475}.Release|Any CPU.ActiveCfg = Release|Any CPU
		{F63616BB-5EF8-4DE1-8FC8-5C055AB2C475}.Release|Any CPU.Build.0 = Release|Any CPU
		{F63616BB-5EF8-4DE1-8FC8-5C055AB2C475}.Release|Mixed Platforms.ActiveCfg = Release|Any CPU
		{F63616BB-5EF8-4DE1-8FC8-5C055AB2C475}.Release|Mixed Platforms.Build.0 = Release|Any CPU
		{F63616BB-5EF8-4DE1-8FC8-5C055AB2C475}.Release|x64.ActiveCfg = Release|Any CPU
		{F63616BB-5EF8-4DE1-8FC8-5C055AB2C475}.Release|x64.Build.0 = Release|Any CPU
		{F63616BB-5EF8-4DE1-8FC8-5C055AB2C475}.Release|x86.ActiveCfg = Release|Any CPU
		{F63616BB-5EF8-4DE1-8FC8-5C055AB2C475}.Release|x86.Build.0 = Release|Any CPU
		{F63616BB-5EF8-4DE1-8FC8-5C055AB2C475}.SingleImage|Any CPU.ActiveCfg = Release|Any CPU
		{F63616BB-5EF8-4DE1-8FC8-5C055AB2C475}.SingleImage|Any CPU.Build.0 = Release|Any CPU
		{F63616BB-5EF8-4DE1-8FC8-5C055AB2C475}.SingleImage|Mixed Platforms.ActiveCfg = Release|Any CPU
		{F63616BB-5EF8-4DE1-8FC8-5C055AB2C475}.SingleImage|Mixed Platforms.Build.0 = Release|Any CPU
		{F63616BB-5EF8-4DE1-8FC8-5C055AB2C475}.SingleImage|x64.ActiveCfg = Release|Any CPU
		{F63616BB-5EF8-4DE1-8FC8-5C055AB2C475}.SingleImage|x64.Build.0 = Release|Any CPU
		{F63616BB-5EF8-4DE1-8FC8-5C055AB2C475}.SingleImage|x86.ActiveCfg = Release|Any CPU
		{F63616BB-5EF8-4DE1-8FC8-5C055AB2C475}.SingleImage|x86.Build.0 = Release|Any CPU
		{195ACC33-111C-4AC4-A624-1EA4644D6162}.All|Any CPU.ActiveCfg = Release|Any CPU
		{195ACC33-111C-4AC4-A624-1EA4644D6162}.All|Any CPU.Build.0 = Release|Any CPU
		{195ACC33-111C-4AC4-A624-1EA4644D6162}.All|Mixed Platforms.ActiveCfg = Release|Any CPU
		{195ACC33-111C-4AC4-A624-1EA4644D6162}.All|Mixed Platforms.Build.0 = Release|Any CPU
		{195ACC33-111C-4AC4-A624-1EA4644D6162}.All|x64.ActiveCfg = Release|Any CPU
		{195ACC33-111C-4AC4-A624-1EA4644D6162}.All|x64.Build.0 = Release|Any CPU
		{195ACC33-111C-4AC4-A624-1EA4644D6162}.All|x86.ActiveCfg = Release|Any CPU
		{195ACC33-111C-4AC4-A624-1EA4644D6162}.All|x86.Build.0 = Release|Any CPU
		{195ACC33-111C-4AC4-A624-1EA4644D6162}.CD_ROM|Any CPU.ActiveCfg = Release|Any CPU
		{195ACC33-111C-4AC4-A624-1EA4644D6162}.CD_ROM|Any CPU.Build.0 = Release|Any CPU
		{195ACC33-111C-4AC4-A624-1EA4644D6162}.CD_ROM|Mixed Platforms.ActiveCfg = Release|Any CPU
		{195ACC33-111C-4AC4-A624-1EA4644D6162}.CD_ROM|Mixed Platforms.Build.0 = Release|Any CPU
		{195ACC33-111C-4AC4-A624-1EA4644D6162}.CD_ROM|x64.ActiveCfg = Release|Any CPU
		{195ACC33-111C-4AC4-A624-1EA4644D6162}.CD_ROM|x64.Build.0 = Release|Any CPU
		{195ACC33-111C-4AC4-A624-1EA4644D6162}.CD_ROM|x86.ActiveCfg = Release|Any CPU
		{195ACC33-111C-4AC4-A624-1EA4644D6162}.CD_ROM|x86.Build.0 = Release|Any CPU
		{195ACC33-111C-4AC4-A624-1EA4644D6162}.Debug|Any CPU.ActiveCfg = Debug|Any CPU
		{195ACC33-111C-4AC4-A624-1EA4644D6162}.Debug|Any CPU.Build.0 = Debug|Any CPU
		{195ACC33-111C-4AC4-A624-1EA4644D6162}.Debug|Mixed Platforms.ActiveCfg = Debug|Any CPU
		{195ACC33-111C-4AC4-A624-1EA4644D6162}.Debug|Mixed Platforms.Build.0 = Debug|Any CPU
		{195ACC33-111C-4AC4-A624-1EA4644D6162}.Debug|x64.ActiveCfg = Debug|Any CPU
		{195ACC33-111C-4AC4-A624-1EA4644D6162}.Debug|x64.Build.0 = Debug|Any CPU
		{195ACC33-111C-4AC4-A624-1EA4644D6162}.Debug|x86.ActiveCfg = Debug|Any CPU
		{195ACC33-111C-4AC4-A624-1EA4644D6162}.Debug|x86.Build.0 = Debug|Any CPU
		{195ACC33-111C-4AC4-A624-1EA4644D6162}.DVD-5|Any CPU.ActiveCfg = Debug|Any CPU
		{195ACC33-111C-4AC4-A624-1EA4644D6162}.DVD-5|Any CPU.Build.0 = Debug|Any CPU
		{195ACC33-111C-4AC4-A624-1EA4644D6162}.DVD-5|Mixed Platforms.ActiveCfg = Debug|Any CPU
		{195ACC33-111C-4AC4-A624-1EA4644D6162}.DVD-5|Mixed Platforms.Build.0 = Debug|Any CPU
		{195ACC33-111C-4AC4-A624-1EA4644D6162}.DVD-5|x64.ActiveCfg = Debug|Any CPU
		{195ACC33-111C-4AC4-A624-1EA4644D6162}.DVD-5|x64.Build.0 = Debug|Any CPU
		{195ACC33-111C-4AC4-A624-1EA4644D6162}.DVD-5|x86.ActiveCfg = Debug|Any CPU
		{195ACC33-111C-4AC4-A624-1EA4644D6162}.DVD-5|x86.Build.0 = Debug|Any CPU
		{195ACC33-111C-4AC4-A624-1EA4644D6162}.EasyTest|Any CPU.ActiveCfg = Release|Any CPU
		{195ACC33-111C-4AC4-A624-1EA4644D6162}.EasyTest|Any CPU.Build.0 = Release|Any CPU
		{195ACC33-111C-4AC4-A624-1EA4644D6162}.EasyTest|Mixed Platforms.ActiveCfg = Release|Any CPU
		{195ACC33-111C-4AC4-A624-1EA4644D6162}.EasyTest|Mixed Platforms.Build.0 = Release|Any CPU
		{195ACC33-111C-4AC4-A624-1EA4644D6162}.EasyTest|x64.ActiveCfg = Release|Any CPU
		{195ACC33-111C-4AC4-A624-1EA4644D6162}.EasyTest|x64.Build.0 = Release|Any CPU
		{195ACC33-111C-4AC4-A624-1EA4644D6162}.EasyTest|x86.ActiveCfg = Release|Any CPU
		{195ACC33-111C-4AC4-A624-1EA4644D6162}.EasyTest|x86.Build.0 = Release|Any CPU
		{195ACC33-111C-4AC4-A624-1EA4644D6162}.Release|Any CPU.ActiveCfg = Release|Any CPU
		{195ACC33-111C-4AC4-A624-1EA4644D6162}.Release|Any CPU.Build.0 = Release|Any CPU
		{195ACC33-111C-4AC4-A624-1EA4644D6162}.Release|Mixed Platforms.ActiveCfg = Release|Any CPU
		{195ACC33-111C-4AC4-A624-1EA4644D6162}.Release|Mixed Platforms.Build.0 = Release|Any CPU
		{195ACC33-111C-4AC4-A624-1EA4644D6162}.Release|x64.ActiveCfg = Release|Any CPU
		{195ACC33-111C-4AC4-A624-1EA4644D6162}.Release|x64.Build.0 = Release|Any CPU
		{195ACC33-111C-4AC4-A624-1EA4644D6162}.Release|x86.ActiveCfg = Release|Any CPU
		{195ACC33-111C-4AC4-A624-1EA4644D6162}.Release|x86.Build.0 = Release|Any CPU
		{195ACC33-111C-4AC4-A624-1EA4644D6162}.SingleImage|Any CPU.ActiveCfg = Release|Any CPU
		{195ACC33-111C-4AC4-A624-1EA4644D6162}.SingleImage|Any CPU.Build.0 = Release|Any CPU
		{195ACC33-111C-4AC4-A624-1EA4644D6162}.SingleImage|Mixed Platforms.ActiveCfg = Release|Any CPU
		{195ACC33-111C-4AC4-A624-1EA4644D6162}.SingleImage|Mixed Platforms.Build.0 = Release|Any CPU
		{195ACC33-111C-4AC4-A624-1EA4644D6162}.SingleImage|x64.ActiveCfg = Release|Any CPU
		{195ACC33-111C-4AC4-A624-1EA4644D6162}.SingleImage|x64.Build.0 = Release|Any CPU
		{195ACC33-111C-4AC4-A624-1EA4644D6162}.SingleImage|x86.ActiveCfg = Release|Any CPU
		{195ACC33-111C-4AC4-A624-1EA4644D6162}.SingleImage|x86.Build.0 = Release|Any CPU
		{978F1125-E612-49BD-B64D-747F06CD8F5A}.All|Any CPU.ActiveCfg = Release|Any CPU
		{978F1125-E612-49BD-B64D-747F06CD8F5A}.All|Any CPU.Build.0 = Release|Any CPU
		{978F1125-E612-49BD-B64D-747F06CD8F5A}.All|Mixed Platforms.ActiveCfg = Release|Any CPU
		{978F1125-E612-49BD-B64D-747F06CD8F5A}.All|Mixed Platforms.Build.0 = Release|Any CPU
		{978F1125-E612-49BD-B64D-747F06CD8F5A}.All|x64.ActiveCfg = Release|Any CPU
		{978F1125-E612-49BD-B64D-747F06CD8F5A}.All|x64.Build.0 = Release|Any CPU
		{978F1125-E612-49BD-B64D-747F06CD8F5A}.All|x86.ActiveCfg = Release|Any CPU
		{978F1125-E612-49BD-B64D-747F06CD8F5A}.All|x86.Build.0 = Release|Any CPU
		{978F1125-E612-49BD-B64D-747F06CD8F5A}.CD_ROM|Any CPU.ActiveCfg = Release|Any CPU
		{978F1125-E612-49BD-B64D-747F06CD8F5A}.CD_ROM|Any CPU.Build.0 = Release|Any CPU
		{978F1125-E612-49BD-B64D-747F06CD8F5A}.CD_ROM|Mixed Platforms.ActiveCfg = Release|Any CPU
		{978F1125-E612-49BD-B64D-747F06CD8F5A}.CD_ROM|Mixed Platforms.Build.0 = Release|Any CPU
		{978F1125-E612-49BD-B64D-747F06CD8F5A}.CD_ROM|x64.ActiveCfg = Release|Any CPU
		{978F1125-E612-49BD-B64D-747F06CD8F5A}.CD_ROM|x64.Build.0 = Release|Any CPU
		{978F1125-E612-49BD-B64D-747F06CD8F5A}.CD_ROM|x86.ActiveCfg = Release|Any CPU
		{978F1125-E612-49BD-B64D-747F06CD8F5A}.CD_ROM|x86.Build.0 = Release|Any CPU
		{978F1125-E612-49BD-B64D-747F06CD8F5A}.Debug|Any CPU.ActiveCfg = Debug|Any CPU
		{978F1125-E612-49BD-B64D-747F06CD8F5A}.Debug|Any CPU.Build.0 = Debug|Any CPU
		{978F1125-E612-49BD-B64D-747F06CD8F5A}.Debug|Mixed Platforms.ActiveCfg = Debug|Any CPU
		{978F1125-E612-49BD-B64D-747F06CD8F5A}.Debug|Mixed Platforms.Build.0 = Debug|Any CPU
		{978F1125-E612-49BD-B64D-747F06CD8F5A}.Debug|x64.ActiveCfg = Debug|Any CPU
		{978F1125-E612-49BD-B64D-747F06CD8F5A}.Debug|x64.Build.0 = Debug|Any CPU
		{978F1125-E612-49BD-B64D-747F06CD8F5A}.Debug|x86.ActiveCfg = Debug|Any CPU
		{978F1125-E612-49BD-B64D-747F06CD8F5A}.Debug|x86.Build.0 = Debug|Any CPU
		{978F1125-E612-49BD-B64D-747F06CD8F5A}.DVD-5|Any CPU.ActiveCfg = Debug|Any CPU
		{978F1125-E612-49BD-B64D-747F06CD8F5A}.DVD-5|Any CPU.Build.0 = Debug|Any CPU
		{978F1125-E612-49BD-B64D-747F06CD8F5A}.DVD-5|Mixed Platforms.ActiveCfg = Debug|Any CPU
		{978F1125-E612-49BD-B64D-747F06CD8F5A}.DVD-5|Mixed Platforms.Build.0 = Debug|Any CPU
		{978F1125-E612-49BD-B64D-747F06CD8F5A}.DVD-5|x64.ActiveCfg = Debug|Any CPU
		{978F1125-E612-49BD-B64D-747F06CD8F5A}.DVD-5|x64.Build.0 = Debug|Any CPU
		{978F1125-E612-49BD-B64D-747F06CD8F5A}.DVD-5|x86.ActiveCfg = Debug|Any CPU
		{978F1125-E612-49BD-B64D-747F06CD8F5A}.DVD-5|x86.Build.0 = Debug|Any CPU
		{978F1125-E612-49BD-B64D-747F06CD8F5A}.EasyTest|Any CPU.ActiveCfg = Release|Any CPU
		{978F1125-E612-49BD-B64D-747F06CD8F5A}.EasyTest|Any CPU.Build.0 = Release|Any CPU
		{978F1125-E612-49BD-B64D-747F06CD8F5A}.EasyTest|Mixed Platforms.ActiveCfg = Release|Any CPU
		{978F1125-E612-49BD-B64D-747F06CD8F5A}.EasyTest|Mixed Platforms.Build.0 = Release|Any CPU
		{978F1125-E612-49BD-B64D-747F06CD8F5A}.EasyTest|x64.ActiveCfg = Release|Any CPU
		{978F1125-E612-49BD-B64D-747F06CD8F5A}.EasyTest|x64.Build.0 = Release|Any CPU
		{978F1125-E612-49BD-B64D-747F06CD8F5A}.EasyTest|x86.ActiveCfg = Release|Any CPU
		{978F1125-E612-49BD-B64D-747F06CD8F5A}.EasyTest|x86.Build.0 = Release|Any CPU
		{978F1125-E612-49BD-B64D-747F06CD8F5A}.Release|Any CPU.ActiveCfg = Release|Any CPU
		{978F1125-E612-49BD-B64D-747F06CD8F5A}.Release|Any CPU.Build.0 = Release|Any CPU
		{978F1125-E612-49BD-B64D-747F06CD8F5A}.Release|Mixed Platforms.ActiveCfg = Release|Any CPU
		{978F1125-E612-49BD-B64D-747F06CD8F5A}.Release|Mixed Platforms.Build.0 = Release|Any CPU
		{978F1125-E612-49BD-B64D-747F06CD8F5A}.Release|x64.ActiveCfg = Release|Any CPU
		{978F1125-E612-49BD-B64D-747F06CD8F5A}.Release|x64.Build.0 = Release|Any CPU
		{978F1125-E612-49BD-B64D-747F06CD8F5A}.Release|x86.ActiveCfg = Release|Any CPU
		{978F1125-E612-49BD-B64D-747F06CD8F5A}.Release|x86.Build.0 = Release|Any CPU
		{978F1125-E612-49BD-B64D-747F06CD8F5A}.SingleImage|Any CPU.ActiveCfg = Release|Any CPU
		{978F1125-E612-49BD-B64D-747F06CD8F5A}.SingleImage|Any CPU.Build.0 = Release|Any CPU
		{978F1125-E612-49BD-B64D-747F06CD8F5A}.SingleImage|Mixed Platforms.ActiveCfg = Release|Any CPU
		{978F1125-E612-49BD-B64D-747F06CD8F5A}.SingleImage|Mixed Platforms.Build.0 = Release|Any CPU
		{978F1125-E612-49BD-B64D-747F06CD8F5A}.SingleImage|x64.ActiveCfg = Release|Any CPU
		{978F1125-E612-49BD-B64D-747F06CD8F5A}.SingleImage|x64.Build.0 = Release|Any CPU
		{978F1125-E612-49BD-B64D-747F06CD8F5A}.SingleImage|x86.ActiveCfg = Release|Any CPU
		{978F1125-E612-49BD-B64D-747F06CD8F5A}.SingleImage|x86.Build.0 = Release|Any CPU
		{D17A54FD-19D2-4F13-925C-9F6579058242}.All|Any CPU.ActiveCfg = Release|Any CPU
		{D17A54FD-19D2-4F13-925C-9F6579058242}.All|Any CPU.Build.0 = Release|Any CPU
		{D17A54FD-19D2-4F13-925C-9F6579058242}.All|Mixed Platforms.ActiveCfg = Release|Any CPU
		{D17A54FD-19D2-4F13-925C-9F6579058242}.All|Mixed Platforms.Build.0 = Release|Any CPU
		{D17A54FD-19D2-4F13-925C-9F6579058242}.All|x64.ActiveCfg = Release|Any CPU
		{D17A54FD-19D2-4F13-925C-9F6579058242}.All|x64.Build.0 = Release|Any CPU
		{D17A54FD-19D2-4F13-925C-9F6579058242}.All|x86.ActiveCfg = Release|Any CPU
		{D17A54FD-19D2-4F13-925C-9F6579058242}.All|x86.Build.0 = Release|Any CPU
		{D17A54FD-19D2-4F13-925C-9F6579058242}.CD_ROM|Any CPU.ActiveCfg = Release|Any CPU
		{D17A54FD-19D2-4F13-925C-9F6579058242}.CD_ROM|Any CPU.Build.0 = Release|Any CPU
		{D17A54FD-19D2-4F13-925C-9F6579058242}.CD_ROM|Mixed Platforms.ActiveCfg = Release|Any CPU
		{D17A54FD-19D2-4F13-925C-9F6579058242}.CD_ROM|Mixed Platforms.Build.0 = Release|Any CPU
		{D17A54FD-19D2-4F13-925C-9F6579058242}.CD_ROM|x64.ActiveCfg = Release|Any CPU
		{D17A54FD-19D2-4F13-925C-9F6579058242}.CD_ROM|x64.Build.0 = Release|Any CPU
		{D17A54FD-19D2-4F13-925C-9F6579058242}.CD_ROM|x86.ActiveCfg = Release|Any CPU
		{D17A54FD-19D2-4F13-925C-9F6579058242}.CD_ROM|x86.Build.0 = Release|Any CPU
		{D17A54FD-19D2-4F13-925C-9F6579058242}.Debug|Any CPU.ActiveCfg = Debug|Any CPU
		{D17A54FD-19D2-4F13-925C-9F6579058242}.Debug|Any CPU.Build.0 = Debug|Any CPU
		{D17A54FD-19D2-4F13-925C-9F6579058242}.Debug|Mixed Platforms.ActiveCfg = Debug|Any CPU
		{D17A54FD-19D2-4F13-925C-9F6579058242}.Debug|Mixed Platforms.Build.0 = Debug|Any CPU
		{D17A54FD-19D2-4F13-925C-9F6579058242}.Debug|x64.ActiveCfg = Debug|Any CPU
		{D17A54FD-19D2-4F13-925C-9F6579058242}.Debug|x64.Build.0 = Debug|Any CPU
		{D17A54FD-19D2-4F13-925C-9F6579058242}.Debug|x86.ActiveCfg = Debug|Any CPU
		{D17A54FD-19D2-4F13-925C-9F6579058242}.Debug|x86.Build.0 = Debug|Any CPU
		{D17A54FD-19D2-4F13-925C-9F6579058242}.DVD-5|Any CPU.ActiveCfg = Debug|Any CPU
		{D17A54FD-19D2-4F13-925C-9F6579058242}.DVD-5|Any CPU.Build.0 = Debug|Any CPU
		{D17A54FD-19D2-4F13-925C-9F6579058242}.DVD-5|Mixed Platforms.ActiveCfg = Debug|Any CPU
		{D17A54FD-19D2-4F13-925C-9F6579058242}.DVD-5|Mixed Platforms.Build.0 = Debug|Any CPU
		{D17A54FD-19D2-4F13-925C-9F6579058242}.DVD-5|x64.ActiveCfg = Debug|Any CPU
		{D17A54FD-19D2-4F13-925C-9F6579058242}.DVD-5|x64.Build.0 = Debug|Any CPU
		{D17A54FD-19D2-4F13-925C-9F6579058242}.DVD-5|x86.ActiveCfg = Debug|Any CPU
		{D17A54FD-19D2-4F13-925C-9F6579058242}.DVD-5|x86.Build.0 = Debug|Any CPU
		{D17A54FD-19D2-4F13-925C-9F6579058242}.EasyTest|Any CPU.ActiveCfg = Release|Any CPU
		{D17A54FD-19D2-4F13-925C-9F6579058242}.EasyTest|Any CPU.Build.0 = Release|Any CPU
		{D17A54FD-19D2-4F13-925C-9F6579058242}.EasyTest|Mixed Platforms.ActiveCfg = Release|Any CPU
		{D17A54FD-19D2-4F13-925C-9F6579058242}.EasyTest|Mixed Platforms.Build.0 = Release|Any CPU
		{D17A54FD-19D2-4F13-925C-9F6579058242}.EasyTest|x64.ActiveCfg = Release|Any CPU
		{D17A54FD-19D2-4F13-925C-9F6579058242}.EasyTest|x64.Build.0 = Release|Any CPU
		{D17A54FD-19D2-4F13-925C-9F6579058242}.EasyTest|x86.ActiveCfg = Release|Any CPU
		{D17A54FD-19D2-4F13-925C-9F6579058242}.EasyTest|x86.Build.0 = Release|Any CPU
		{D17A54FD-19D2-4F13-925C-9F6579058242}.Release|Any CPU.ActiveCfg = Release|Any CPU
		{D17A54FD-19D2-4F13-925C-9F6579058242}.Release|Any CPU.Build.0 = Release|Any CPU
		{D17A54FD-19D2-4F13-925C-9F6579058242}.Release|Mixed Platforms.ActiveCfg = Release|Any CPU
		{D17A54FD-19D2-4F13-925C-9F6579058242}.Release|Mixed Platforms.Build.0 = Release|Any CPU
		{D17A54FD-19D2-4F13-925C-9F6579058242}.Release|x64.ActiveCfg = Release|Any CPU
		{D17A54FD-19D2-4F13-925C-9F6579058242}.Release|x64.Build.0 = Release|Any CPU
		{D17A54FD-19D2-4F13-925C-9F6579058242}.Release|x86.ActiveCfg = Release|Any CPU
		{D17A54FD-19D2-4F13-925C-9F6579058242}.Release|x86.Build.0 = Release|Any CPU
		{D17A54FD-19D2-4F13-925C-9F6579058242}.SingleImage|Any CPU.ActiveCfg = Release|Any CPU
		{D17A54FD-19D2-4F13-925C-9F6579058242}.SingleImage|Any CPU.Build.0 = Release|Any CPU
		{D17A54FD-19D2-4F13-925C-9F6579058242}.SingleImage|Mixed Platforms.ActiveCfg = Release|Any CPU
		{D17A54FD-19D2-4F13-925C-9F6579058242}.SingleImage|Mixed Platforms.Build.0 = Release|Any CPU
		{D17A54FD-19D2-4F13-925C-9F6579058242}.SingleImage|x64.ActiveCfg = Release|Any CPU
		{D17A54FD-19D2-4F13-925C-9F6579058242}.SingleImage|x64.Build.0 = Release|Any CPU
		{D17A54FD-19D2-4F13-925C-9F6579058242}.SingleImage|x86.ActiveCfg = Release|Any CPU
		{D17A54FD-19D2-4F13-925C-9F6579058242}.SingleImage|x86.Build.0 = Release|Any CPU
	EndGlobalSection
	GlobalSection(SolutionProperties) = preSolution
		HideSolutionNode = FALSE
	EndGlobalSection
	GlobalSection(NestedProjects) = preSolution
		{C251FCF7-BCE6-4F26-9B09-D720FE55B2A9} = {EB18665C-B5A1-459B-BD78-2514DA55558B}
		{2141CFB2-B21C-421A-8E19-A09792136156} = {EB18665C-B5A1-459B-BD78-2514DA55558B}
	EndGlobalSection
	GlobalSection(ExtensibilityGlobals) = postSolution
		SolutionGuid = {50C70B4E-F10E-4969-9199-0F2E9CDD6E27}
	EndGlobalSection
EndGlobal
