
Microsoft Visual Studio Solution File, Format Version 12.00
# Visual Studio Version 16
VisualStudioVersion = 16.0.29020.237
MinimumVisualStudioVersion = 10.0.40219.1
Project("{FAE04EC0-301F-11D3-BF4B-00C04F79EFBC}") = "ConsoleApp1", "ConsoleApp1\ConsoleApp1.csproj", "{D3E4CA08-EA92-40E2-AD54-57E0CE1FA68D}"
EndProject
Global
	GlobalSection(SolutionConfigurationPlatforms) = preSolution
		Debug|Any CPU = Debug|Any CPU
		Release|Any CPU = Release|Any CPU
	EndGlobalSection
	GlobalSection(ProjectConfigurationPlatforms) = postSolution
		{D3E4CA08-EA92-40E2-AD54-57E0CE1FA68D}.Debug|Any CPU.ActiveCfg = Debug|Any CPU
		{D3E4CA08-EA92-40E2-AD54-57E0CE1FA68D}.Debug|Any CPU.Build.0 = Debug|Any CPU
		{D3E4CA08-EA92-40E2-AD54-57E0CE1FA68D}.Release|Any CPU.ActiveCfg = Release|Any CPU
		{D3E4CA08-EA92-40E2-AD54-57E0CE1FA68D}.Release|Any CPU.Build.0 = Release|Any CPU
	EndGlobalSection
	GlobalSection(SolutionProperties) = preSolution
		HideSolutionNode = FALSE
	EndGlobalSection
	GlobalSection(ExtensibilityGlobals) = postSolution
		SolutionGuid = {68F2030D-3032-4A8B-BB7C-908EED281F70}
	EndGlobalSection
EndGlobal
